// !$*UTF8*$!
{
	archiveVersion = 1;
	classes = {
	};
	objectVersion = 56;
	objects = {

/* Begin PBXBuildFile section */
		45B9228500DD77E046BF1AC8 /* Pods_Crypto_Analyser_Dev.framework in Frameworks */ = {isa = PBXBuildFile; fileRef = F4FDB02C231F62150C660AD2 /* Pods_Crypto_Analyser_Dev.framework */; };
		E6FF9ECBF19AF4C87AD76022 /* Pods_Crypto_Analyser_Pro.framework in Frameworks */ = {isa = PBXBuildFile; fileRef = C3C9F2309C15C24909603AC3 /* Pods_Crypto_Analyser_Pro.framework */; };
		E91DEDC72D1D1C420028FE6D /* FireBaseResentSearches.swift in Sources */ = {isa = PBXBuildFile; fileRef = E91DEDC62D1D1C420028FE6D /* FireBaseResentSearches.swift */; };
		E91DEDC82D1D1C420028FE6D /* FireBaseResentSearches.swift in Sources */ = {isa = PBXBuildFile; fileRef = E91DEDC62D1D1C420028FE6D /* FireBaseResentSearches.swift */; };
		E91DEDCA2D1D5E210028FE6D /* SearchView.swift in Sources */ = {isa = PBXBuildFile; fileRef = E91DEDC92D1D5E210028FE6D /* SearchView.swift */; };
		E91DEDCB2D1D5E210028FE6D /* SearchView.swift in Sources */ = {isa = PBXBuildFile; fileRef = E91DEDC92D1D5E210028FE6D /* SearchView.swift */; };
		E91DEDCE2D1D68C80028FE6D /* CircularLoaderView.swift in Sources */ = {isa = PBXBuildFile; fileRef = E91DEDCD2D1D68C80028FE6D /* CircularLoaderView.swift */; };
		E91DEDCF2D1D68C80028FE6D /* CircularLoaderView.swift in Sources */ = {isa = PBXBuildFile; fileRef = E91DEDCD2D1D68C80028FE6D /* CircularLoaderView.swift */; };
		E91DEDD12D1D9D820028FE6D /* ImageAnalyserView.swift in Sources */ = {isa = PBXBuildFile; fileRef = E91DEDD02D1D9D820028FE6D /* ImageAnalyserView.swift */; };
		E91DEDD22D1D9D820028FE6D /* ImageAnalyserView.swift in Sources */ = {isa = PBXBuildFile; fileRef = E91DEDD02D1D9D820028FE6D /* ImageAnalyserView.swift */; };
		E94F141B2D2FBBF100F41BBB /* SearchWebView.swift in Sources */ = {isa = PBXBuildFile; fileRef = E94F141A2D2FBBF100F41BBB /* SearchWebView.swift */; };
		E94F141C2D2FBBF100F41BBB /* SearchWebView.swift in Sources */ = {isa = PBXBuildFile; fileRef = E94F141A2D2FBBF100F41BBB /* SearchWebView.swift */; };
		E9695B4D2D2699DC00CA441D /* DataDescriptionView.swift in Sources */ = {isa = PBXBuildFile; fileRef = E9695B4C2D2699DC00CA441D /* DataDescriptionView.swift */; };
		E9695B4E2D2699DC00CA441D /* DataDescriptionView.swift in Sources */ = {isa = PBXBuildFile; fileRef = E9695B4C2D2699DC00CA441D /* DataDescriptionView.swift */; };
		E96F0EB12D4B72F9008ED453 /* BorderAnimationViewModel.swift in Sources */ = {isa = PBXBuildFile; fileRef = E96F0EB02D4B72F9008ED453 /* BorderAnimationViewModel.swift */; };
		E96F0EB22D4B72FE008ED453 /* BorderAnimationViewModel.swift in Sources */ = {isa = PBXBuildFile; fileRef = E96F0EB02D4B72F9008ED453 /* BorderAnimationViewModel.swift */; };
		E96F9E102D2EA4890038D714 /* KeychainService.swift in Sources */ = {isa = PBXBuildFile; fileRef = E971E2102D23E4E600304CA6 /* KeychainService.swift */; };
		E971E2112D23E4E600304CA6 /* KeychainService.swift in Sources */ = {isa = PBXBuildFile; fileRef = E971E2102D23E4E600304CA6 /* KeychainService.swift */; };
		E97259452D155CA300D498CC /* Crypto_AnalyserApp.swift in Sources */ = {isa = PBXBuildFile; fileRef = E97259342D155B3D00D498CC /* Crypto_AnalyserApp.swift */; };
		E97259482D155CA300D498CC /* Preview Assets.xcassets in Resources */ = {isa = PBXBuildFile; fileRef = E972593B2D155B3F00D498CC /* Preview Assets.xcassets */; };
		E97259492D155CA300D498CC /* Assets.xcassets in Resources */ = {isa = PBXBuildFile; fileRef = E97259382D155B3F00D498CC /* Assets.xcassets */; };
		E97259562D15626800D498CC /* SignUpView.swift in Sources */ = {isa = PBXBuildFile; fileRef = E97259532D1560C600D498CC /* SignUpView.swift */; };
		E972595D2D1587CC00D498CC /* LoginView.swift in Sources */ = {isa = PBXBuildFile; fileRef = E972595B2D1587CC00D498CC /* LoginView.swift */; };
		E97259602D158E8500D498CC /* Router.swift in Sources */ = {isa = PBXBuildFile; fileRef = E972595E2D158E8500D498CC /* Router.swift */; };
		E97259632D15955600D498CC /* ForgotPassword.swift in Sources */ = {isa = PBXBuildFile; fileRef = E97259612D15955600D498CC /* ForgotPassword.swift */; };
		E97259642D15A3D500D498CC /* StringConstants.swift in Sources */ = {isa = PBXBuildFile; fileRef = E97259592D15656900D498CC /* StringConstants.swift */; };
		E973C0DF2D30ECD70076D1E6 /* ChatGPTResponse.swift in Sources */ = {isa = PBXBuildFile; fileRef = E973C0DE2D30ECD70076D1E6 /* ChatGPTResponse.swift */; };
		E973C0E02D30ECD70076D1E6 /* ChatGPTResponse.swift in Sources */ = {isa = PBXBuildFile; fileRef = E973C0DE2D30ECD70076D1E6 /* ChatGPTResponse.swift */; };
		E975E7D82D1E9AD9004F1769 /* Launch Screen.storyboard in Resources */ = {isa = PBXBuildFile; fileRef = E975E7D72D1E9AD9004F1769 /* Launch Screen.storyboard */; };
		E975E7D92D1E9AD9004F1769 /* Launch Screen.storyboard in Resources */ = {isa = PBXBuildFile; fileRef = E975E7D72D1E9AD9004F1769 /* Launch Screen.storyboard */; };
		E975E7DB2D1EAE97004F1769 /* NewsDetails.swift in Sources */ = {isa = PBXBuildFile; fileRef = E975E7DA2D1EAE97004F1769 /* NewsDetails.swift */; };
		E975E7DC2D1EAE97004F1769 /* NewsDetails.swift in Sources */ = {isa = PBXBuildFile; fileRef = E975E7DA2D1EAE97004F1769 /* NewsDetails.swift */; };
		E975E7E12D1EAEE2004F1769 /* NewsJson.json in Resources */ = {isa = PBXBuildFile; fileRef = E975E7E02D1EAEE2004F1769 /* NewsJson.json */; };
		E975E7E22D1EAEE2004F1769 /* NewsJson.json in Resources */ = {isa = PBXBuildFile; fileRef = E975E7E02D1EAEE2004F1769 /* NewsJson.json */; };
		E977D3E82D47BABF0079B382 /* MessageData.swift in Sources */ = {isa = PBXBuildFile; fileRef = E977D3E72D47BABF0079B382 /* MessageData.swift */; };
		E977D3E92D47BABF0079B382 /* MessageData.swift in Sources */ = {isa = PBXBuildFile; fileRef = E977D3E72D47BABF0079B382 /* MessageData.swift */; };
		E977D3EB2D47BC940079B382 /* ChatGPTData.swift in Sources */ = {isa = PBXBuildFile; fileRef = E977D3EA2D47BC940079B382 /* ChatGPTData.swift */; };
		E977D3EC2D47BC940079B382 /* ChatGPTData.swift in Sources */ = {isa = PBXBuildFile; fileRef = E977D3EA2D47BC940079B382 /* ChatGPTData.swift */; };
		E977D3EE2D47C1C80079B382 /* CryptoResponse.swift in Sources */ = {isa = PBXBuildFile; fileRef = E977D3ED2D47C1C80079B382 /* CryptoResponse.swift */; };
		E977D3EF2D47C1C80079B382 /* CryptoResponse.swift in Sources */ = {isa = PBXBuildFile; fileRef = E977D3ED2D47C1C80079B382 /* CryptoResponse.swift */; };
		E978BD7D2D3544ED00219A41 /* IAP Constants.swift in Sources */ = {isa = PBXBuildFile; fileRef = E978BD782D3544ED00219A41 /* IAP Constants.swift */; };
		E978BD7E2D3544ED00219A41 /* IAP Constants.swift in Sources */ = {isa = PBXBuildFile; fileRef = E978BD782D3544ED00219A41 /* IAP Constants.swift */; };
		E978BD7F2D3544ED00219A41 /* SubscriptionPayLoad.swift in Sources */ = {isa = PBXBuildFile; fileRef = E978BD792D3544ED00219A41 /* SubscriptionPayLoad.swift */; };
		E978BD802D3544ED00219A41 /* SubscriptionPayLoad.swift in Sources */ = {isa = PBXBuildFile; fileRef = E978BD792D3544ED00219A41 /* SubscriptionPayLoad.swift */; };
		E978BD812D3544ED00219A41 /* EntitlementManager.swift in Sources */ = {isa = PBXBuildFile; fileRef = E978BD7A2D3544ED00219A41 /* EntitlementManager.swift */; };
		E978BD822D3544ED00219A41 /* EntitlementManager.swift in Sources */ = {isa = PBXBuildFile; fileRef = E978BD7A2D3544ED00219A41 /* EntitlementManager.swift */; };
		E978BD832D3544ED00219A41 /* SubscriptionsManager.swift in Sources */ = {isa = PBXBuildFile; fileRef = E978BD7B2D3544ED00219A41 /* SubscriptionsManager.swift */; };
		E978BD842D3544ED00219A41 /* SubscriptionsManager.swift in Sources */ = {isa = PBXBuildFile; fileRef = E978BD7B2D3544ED00219A41 /* SubscriptionsManager.swift */; };
		E978BD852D3544ED00219A41 /* StoreKit.storekit in Resources */ = {isa = PBXBuildFile; fileRef = E978BD7C2D3544ED00219A41 /* StoreKit.storekit */; };
		E978BD862D3544ED00219A41 /* StoreKit.storekit in Resources */ = {isa = PBXBuildFile; fileRef = E978BD7C2D3544ED00219A41 /* StoreKit.storekit */; };
		E978BD882D35453900219A41 /* SubscriptionsView.swift in Sources */ = {isa = PBXBuildFile; fileRef = E978BD872D35453900219A41 /* SubscriptionsView.swift */; };
		E978BD892D35453900219A41 /* SubscriptionsView.swift in Sources */ = {isa = PBXBuildFile; fileRef = E978BD872D35453900219A41 /* SubscriptionsView.swift */; };
		E97D15AA2D1ACE7E005A9A3F /* CameraView.swift in Sources */ = {isa = PBXBuildFile; fileRef = E97D15A92D1ACE7E005A9A3F /* CameraView.swift */; };
		E97D15AB2D1ACE7E005A9A3F /* CameraView.swift in Sources */ = {isa = PBXBuildFile; fileRef = E97D15A92D1ACE7E005A9A3F /* CameraView.swift */; };
		E97D15AD2D1AD0C0005A9A3F /* GalleryView.swift in Sources */ = {isa = PBXBuildFile; fileRef = E97D15AC2D1AD0C0005A9A3F /* GalleryView.swift */; };
		E97D15AE2D1AD0C0005A9A3F /* GalleryView.swift in Sources */ = {isa = PBXBuildFile; fileRef = E97D15AC2D1AD0C0005A9A3F /* GalleryView.swift */; };
		E97DA4B42D59DAFF0023953E /* CoinRowView.swift in Sources */ = {isa = PBXBuildFile; fileRef = E97DA4B32D59DAFF0023953E /* CoinRowView.swift */; };
		E97DA4B52D59DAFF0023953E /* CoinRowView.swift in Sources */ = {isa = PBXBuildFile; fileRef = E97DA4B32D59DAFF0023953E /* CoinRowView.swift */; };
		E97DA4B82D59FB330023953E /* NewsCellView.swift in Sources */ = {isa = PBXBuildFile; fileRef = E97DA4B72D59FB330023953E /* NewsCellView.swift */; };
		E97DA4B92D59FB330023953E /* NewsCellView.swift in Sources */ = {isa = PBXBuildFile; fileRef = E97DA4B72D59FB330023953E /* NewsCellView.swift */; };
		E97E806B2D193EDE003D6CC6 /* AppleSignInManager.swift in Sources */ = {isa = PBXBuildFile; fileRef = E97E806A2D193EDE003D6CC6 /* AppleSignInManager.swift */; };
		E97E806C2D193EDF003D6CC6 /* AppleSignInManager.swift in Sources */ = {isa = PBXBuildFile; fileRef = E97E806A2D193EDE003D6CC6 /* AppleSignInManager.swift */; };
		E97E806F2D19963A003D6CC6 /* AccountInformationView.swift in Sources */ = {isa = PBXBuildFile; fileRef = E97E806E2D19963A003D6CC6 /* AccountInformationView.swift */; };
		E97E80702D19963A003D6CC6 /* AccountInformationView.swift in Sources */ = {isa = PBXBuildFile; fileRef = E97E806E2D19963A003D6CC6 /* AccountInformationView.swift */; };
		E97E80722D199652003D6CC6 /* EditProfileView.swift in Sources */ = {isa = PBXBuildFile; fileRef = E97E80712D199652003D6CC6 /* EditProfileView.swift */; };
		E97E80732D199652003D6CC6 /* EditProfileView.swift in Sources */ = {isa = PBXBuildFile; fileRef = E97E80712D199652003D6CC6 /* EditProfileView.swift */; };
		E9868E312D168865007ACB26 /* Crypto-Analyser-Dev-Info.plist in Resources */ = {isa = PBXBuildFile; fileRef = E97259662D15B26300D498CC /* Crypto-Analyser-Dev-Info.plist */; };
		E9868E342D168ED6007ACB26 /* Router.swift in Sources */ = {isa = PBXBuildFile; fileRef = E972595E2D158E8500D498CC /* Router.swift */; };
		E9868E352D168ED6007ACB26 /* LoginView.swift in Sources */ = {isa = PBXBuildFile; fileRef = E972595B2D1587CC00D498CC /* LoginView.swift */; };
		E9868E362D168ED6007ACB26 /* StringConstants.swift in Sources */ = {isa = PBXBuildFile; fileRef = E97259592D15656900D498CC /* StringConstants.swift */; };
		E9868E372D168ED6007ACB26 /* SignUpView.swift in Sources */ = {isa = PBXBuildFile; fileRef = E97259532D1560C600D498CC /* SignUpView.swift */; };
		E9868E382D168ED6007ACB26 /* Crypto_AnalyserApp.swift in Sources */ = {isa = PBXBuildFile; fileRef = E97259342D155B3D00D498CC /* Crypto_AnalyserApp.swift */; };
		E9868E392D168ED6007ACB26 /* ForgotPassword.swift in Sources */ = {isa = PBXBuildFile; fileRef = E97259612D15955600D498CC /* ForgotPassword.swift */; };
		E9868E3D2D168ED6007ACB26 /* Preview Assets.xcassets in Resources */ = {isa = PBXBuildFile; fileRef = E972593B2D155B3F00D498CC /* Preview Assets.xcassets */; };
		E9868E3E2D168ED6007ACB26 /* Assets.xcassets in Resources */ = {isa = PBXBuildFile; fileRef = E97259382D155B3F00D498CC /* Assets.xcassets */; };
		E9868E442D168F10007ACB26 /* Crypto-Analyser-Pro-Info.plist in Resources */ = {isa = PBXBuildFile; fileRef = E97259652D15B02E00D498CC /* Crypto-Analyser-Pro-Info.plist */; };
		E9868E462D169803007ACB26 /* AppDelegate.swift in Sources */ = {isa = PBXBuildFile; fileRef = E9868E452D169803007ACB26 /* AppDelegate.swift */; };
		E9868E472D169803007ACB26 /* AppDelegate.swift in Sources */ = {isa = PBXBuildFile; fileRef = E9868E452D169803007ACB26 /* AppDelegate.swift */; };
		E9868E492D16A535007ACB26 /* TabbarView.swift in Sources */ = {isa = PBXBuildFile; fileRef = E9868E482D16A535007ACB26 /* TabbarView.swift */; };
		E9868E4A2D16A535007ACB26 /* TabbarView.swift in Sources */ = {isa = PBXBuildFile; fileRef = E9868E482D16A535007ACB26 /* TabbarView.swift */; };
		E9868E4C2D16A5C4007ACB26 /* HomeView.swift in Sources */ = {isa = PBXBuildFile; fileRef = E9868E4B2D16A5C4007ACB26 /* HomeView.swift */; };
		E9868E4D2D16A5C4007ACB26 /* HomeView.swift in Sources */ = {isa = PBXBuildFile; fileRef = E9868E4B2D16A5C4007ACB26 /* HomeView.swift */; };
		E9868E4F2D16A623007ACB26 /* CryptoNewsView.swift in Sources */ = {isa = PBXBuildFile; fileRef = E9868E4E2D16A623007ACB26 /* CryptoNewsView.swift */; };
		E9868E502D16A623007ACB26 /* CryptoNewsView.swift in Sources */ = {isa = PBXBuildFile; fileRef = E9868E4E2D16A623007ACB26 /* CryptoNewsView.swift */; };
		E9868E522D16A8BF007ACB26 /* SettingView.swift in Sources */ = {isa = PBXBuildFile; fileRef = E9868E512D16A8BF007ACB26 /* SettingView.swift */; };
		E9868E532D16A8BF007ACB26 /* SettingView.swift in Sources */ = {isa = PBXBuildFile; fileRef = E9868E512D16A8BF007ACB26 /* SettingView.swift */; };
		E9868E5E2D16BBBF007ACB26 /* FirebaseAuthentication.swift in Sources */ = {isa = PBXBuildFile; fileRef = E9868E5D2D16BBBF007ACB26 /* FirebaseAuthentication.swift */; };
		E9868E602D16E848007ACB26 /* GoogleService-Info.plist in Resources */ = {isa = PBXBuildFile; fileRef = E9868E5F2D16E848007ACB26 /* GoogleService-Info.plist */; };
		E9868E612D16E848007ACB26 /* GoogleService-Info.plist in Resources */ = {isa = PBXBuildFile; fileRef = E9868E5F2D16E848007ACB26 /* GoogleService-Info.plist */; };
		E9868E692D16F2F0007ACB26 /* FirebaseFirestore in Frameworks */ = {isa = PBXBuildFile; productRef = E9868E682D16F2F0007ACB26 /* FirebaseFirestore */; };
		E9868E752D16F2FD007ACB26 /* FirebaseAuth in Frameworks */ = {isa = PBXBuildFile; productRef = E9868E742D16F2FD007ACB26 /* FirebaseAuth */; };
		E9868E792D16F2FD007ACB26 /* FirebaseCore in Frameworks */ = {isa = PBXBuildFile; productRef = E9868E782D16F2FD007ACB26 /* FirebaseCore */; };
		E9868E7D2D16F2FD007ACB26 /* FirebaseDatabase in Frameworks */ = {isa = PBXBuildFile; productRef = E9868E7C2D16F2FD007ACB26 /* FirebaseDatabase */; };
		E9868E912D16F2FD007ACB26 /* FirebaseStorage in Frameworks */ = {isa = PBXBuildFile; productRef = E9868E902D16F2FD007ACB26 /* FirebaseStorage */; };
		E9868E982D16F467007ACB26 /* GoogleSignIn in Frameworks */ = {isa = PBXBuildFile; productRef = E9868E972D16F467007ACB26 /* GoogleSignIn */; };
		E9868E9A2D16F75F007ACB26 /* GoogleSignInManager.swift in Sources */ = {isa = PBXBuildFile; fileRef = E9868E992D16F75F007ACB26 /* GoogleSignInManager.swift */; };
		E9868E9C2D16F786007ACB26 /* GoogleSignInSwift in Frameworks */ = {isa = PBXBuildFile; productRef = E9868E9B2D16F786007ACB26 /* GoogleSignInSwift */; };
		E9868E9E2D1701A7007ACB26 /* UserSessionManager.swift in Sources */ = {isa = PBXBuildFile; fileRef = E9868E9D2D1701A7007ACB26 /* UserSessionManager.swift */; };
		E9868E9F2D1701A7007ACB26 /* UserSessionManager.swift in Sources */ = {isa = PBXBuildFile; fileRef = E9868E9D2D1701A7007ACB26 /* UserSessionManager.swift */; };
		E9868EAB2D17051B007ACB26 /* FirebaseAuth in Frameworks */ = {isa = PBXBuildFile; productRef = E9868EAA2D17051B007ACB26 /* FirebaseAuth */; };
		E9868EAF2D17051B007ACB26 /* FirebaseCore in Frameworks */ = {isa = PBXBuildFile; productRef = E9868EAE2D17051B007ACB26 /* FirebaseCore */; };
		E9868EB32D17051B007ACB26 /* FirebaseDatabase in Frameworks */ = {isa = PBXBuildFile; productRef = E9868EB22D17051B007ACB26 /* FirebaseDatabase */; };
		E9868EB72D17051B007ACB26 /* FirebaseFirestore in Frameworks */ = {isa = PBXBuildFile; productRef = E9868EB62D17051B007ACB26 /* FirebaseFirestore */; };
		E9868EBB2D17051B007ACB26 /* FirebaseFunctions in Frameworks */ = {isa = PBXBuildFile; productRef = E9868EBA2D17051B007ACB26 /* FirebaseFunctions */; };
		E9868EC12D17051B007ACB26 /* FirebaseInstallations in Frameworks */ = {isa = PBXBuildFile; productRef = E9868EC02D17051B007ACB26 /* FirebaseInstallations */; };
		E9868EC72D17051B007ACB26 /* FirebasePerformance in Frameworks */ = {isa = PBXBuildFile; productRef = E9868EC62D17051B007ACB26 /* FirebasePerformance */; };
		E9868EC92D17051B007ACB26 /* FirebaseRemoteConfig in Frameworks */ = {isa = PBXBuildFile; productRef = E9868EC82D17051B007ACB26 /* FirebaseRemoteConfig */; };
		E9868ECB2D17051B007ACB26 /* FirebaseStorage in Frameworks */ = {isa = PBXBuildFile; productRef = E9868ECA2D17051B007ACB26 /* FirebaseStorage */; };
		E9868ED12D17051B007ACB26 /* GoogleSignIn in Frameworks */ = {isa = PBXBuildFile; productRef = E9868ED02D17051B007ACB26 /* GoogleSignIn */; };
		E9868ED32D17051B007ACB26 /* GoogleSignInSwift in Frameworks */ = {isa = PBXBuildFile; productRef = E9868ED22D17051B007ACB26 /* GoogleSignInSwift */; };
		E9868ED42D170552007ACB26 /* FirebaseAuthentication.swift in Sources */ = {isa = PBXBuildFile; fileRef = E9868E5D2D16BBBF007ACB26 /* FirebaseAuthentication.swift */; };
		E9868ED52D170555007ACB26 /* GoogleSignInManager.swift in Sources */ = {isa = PBXBuildFile; fileRef = E9868E992D16F75F007ACB26 /* GoogleSignInManager.swift */; };
		E9875F112D2929610017B4A7 /* UiImage+Extension.swift in Sources */ = {isa = PBXBuildFile; fileRef = E9875F102D2929610017B4A7 /* UiImage+Extension.swift */; };
		E9875F122D2929610017B4A7 /* UiImage+Extension.swift in Sources */ = {isa = PBXBuildFile; fileRef = E9875F102D2929610017B4A7 /* UiImage+Extension.swift */; };
		E9890E5D2D48AA5400FBE71C /* SearchCoinView.swift in Sources */ = {isa = PBXBuildFile; fileRef = E9890E5C2D48AA5400FBE71C /* SearchCoinView.swift */; };
		E9890E5E2D48AA5400FBE71C /* SearchCoinView.swift in Sources */ = {isa = PBXBuildFile; fileRef = E9890E5C2D48AA5400FBE71C /* SearchCoinView.swift */; };
		E9890E602D48CC9D00FBE71C /* SearchViewModel.swift in Sources */ = {isa = PBXBuildFile; fileRef = E9890E5F2D48CC9D00FBE71C /* SearchViewModel.swift */; };
		E9890E612D48CC9D00FBE71C /* SearchViewModel.swift in Sources */ = {isa = PBXBuildFile; fileRef = E9890E5F2D48CC9D00FBE71C /* SearchViewModel.swift */; };
		E9890E632D4909FF00FBE71C /* SafariWrapperViewController.swift in Sources */ = {isa = PBXBuildFile; fileRef = E9890E622D4909FF00FBE71C /* SafariWrapperViewController.swift */; };
		E9890E642D4909FF00FBE71C /* SafariWrapperViewController.swift in Sources */ = {isa = PBXBuildFile; fileRef = E9890E622D4909FF00FBE71C /* SafariWrapperViewController.swift */; };
		E9890E662D4919E900FBE71C /* CryptoNewsViewModel.swift in Sources */ = {isa = PBXBuildFile; fileRef = E9890E652D4919E900FBE71C /* CryptoNewsViewModel.swift */; };
		E9890E672D4919E900FBE71C /* CryptoNewsViewModel.swift in Sources */ = {isa = PBXBuildFile; fileRef = E9890E652D4919E900FBE71C /* CryptoNewsViewModel.swift */; };
/* End PBXBuildFile section */

/* Begin PBXFileReference section */
		0D2EFC639EEB1A892AC072E2 /* Pods-Crypto Analyser Pro.release.xcconfig */ = {isa = PBXFileReference; includeInIndex = 1; lastKnownFileType = text.xcconfig; name = "Pods-Crypto Analyser Pro.release.xcconfig"; path = "Target Support Files/Pods-Crypto Analyser Pro/Pods-Crypto Analyser Pro.release.xcconfig"; sourceTree = "<group>"; };
		27691080F18D00505809B20A /* Pods-Shared Pods-Crypto Analyser Dev.release.xcconfig */ = {isa = PBXFileReference; includeInIndex = 1; lastKnownFileType = text.xcconfig; name = "Pods-Shared Pods-Crypto Analyser Dev.release.xcconfig"; path = "Target Support Files/Pods-Shared Pods-Crypto Analyser Dev/Pods-Shared Pods-Crypto Analyser Dev.release.xcconfig"; sourceTree = "<group>"; };
		485F7D37F8E7FC36E014D524 /* Pods-Shared Pods-Crypto Analyser Pro.debug.xcconfig */ = {isa = PBXFileReference; includeInIndex = 1; lastKnownFileType = text.xcconfig; name = "Pods-Shared Pods-Crypto Analyser Pro.debug.xcconfig"; path = "Target Support Files/Pods-Shared Pods-Crypto Analyser Pro/Pods-Shared Pods-Crypto Analyser Pro.debug.xcconfig"; sourceTree = "<group>"; };
		69C63983E1100E31866C9738 /* Pods-Crypto Analyser Pro.debug.xcconfig */ = {isa = PBXFileReference; includeInIndex = 1; lastKnownFileType = text.xcconfig; name = "Pods-Crypto Analyser Pro.debug.xcconfig"; path = "Target Support Files/Pods-Crypto Analyser Pro/Pods-Crypto Analyser Pro.debug.xcconfig"; sourceTree = "<group>"; };
		842DD7C4AE72DB1E7799762C /* Pods-Crypto Analyser Dev.debug.xcconfig */ = {isa = PBXFileReference; includeInIndex = 1; lastKnownFileType = text.xcconfig; name = "Pods-Crypto Analyser Dev.debug.xcconfig"; path = "Target Support Files/Pods-Crypto Analyser Dev/Pods-Crypto Analyser Dev.debug.xcconfig"; sourceTree = "<group>"; };
		C3C9F2309C15C24909603AC3 /* Pods_Crypto_Analyser_Pro.framework */ = {isa = PBXFileReference; explicitFileType = wrapper.framework; includeInIndex = 0; path = Pods_Crypto_Analyser_Pro.framework; sourceTree = BUILT_PRODUCTS_DIR; };
		C8B5506863977D0347E30606 /* Pods-Shared Pods-Crypto Analyser Pro.release.xcconfig */ = {isa = PBXFileReference; includeInIndex = 1; lastKnownFileType = text.xcconfig; name = "Pods-Shared Pods-Crypto Analyser Pro.release.xcconfig"; path = "Target Support Files/Pods-Shared Pods-Crypto Analyser Pro/Pods-Shared Pods-Crypto Analyser Pro.release.xcconfig"; sourceTree = "<group>"; };
		D2E6F7B7B93CD7F99D800890 /* Pods-Crypto Analyser Dev.release.xcconfig */ = {isa = PBXFileReference; includeInIndex = 1; lastKnownFileType = text.xcconfig; name = "Pods-Crypto Analyser Dev.release.xcconfig"; path = "Target Support Files/Pods-Crypto Analyser Dev/Pods-Crypto Analyser Dev.release.xcconfig"; sourceTree = "<group>"; };
		D83A49D4A5D46CDC87A08899 /* Pods-Shared Pods-Crypto Analyser Dev.debug.xcconfig */ = {isa = PBXFileReference; includeInIndex = 1; lastKnownFileType = text.xcconfig; name = "Pods-Shared Pods-Crypto Analyser Dev.debug.xcconfig"; path = "Target Support Files/Pods-Shared Pods-Crypto Analyser Dev/Pods-Shared Pods-Crypto Analyser Dev.debug.xcconfig"; sourceTree = "<group>"; };
		E91DEDC62D1D1C420028FE6D /* FireBaseResentSearches.swift */ = {isa = PBXFileReference; lastKnownFileType = sourcecode.swift; path = FireBaseResentSearches.swift; sourceTree = "<group>"; };
		E91DEDC92D1D5E210028FE6D /* SearchView.swift */ = {isa = PBXFileReference; lastKnownFileType = sourcecode.swift; path = SearchView.swift; sourceTree = "<group>"; };
		E91DEDCD2D1D68C80028FE6D /* CircularLoaderView.swift */ = {isa = PBXFileReference; lastKnownFileType = sourcecode.swift; path = CircularLoaderView.swift; sourceTree = "<group>"; };
		E91DEDD02D1D9D820028FE6D /* ImageAnalyserView.swift */ = {isa = PBXFileReference; lastKnownFileType = sourcecode.swift; path = ImageAnalyserView.swift; sourceTree = "<group>"; };
		E94F141A2D2FBBF100F41BBB /* SearchWebView.swift */ = {isa = PBXFileReference; lastKnownFileType = sourcecode.swift; path = SearchWebView.swift; sourceTree = "<group>"; };
		E9695B4C2D2699DC00CA441D /* DataDescriptionView.swift */ = {isa = PBXFileReference; lastKnownFileType = sourcecode.swift; path = DataDescriptionView.swift; sourceTree = "<group>"; };
		E96F0EB02D4B72F9008ED453 /* BorderAnimationViewModel.swift */ = {isa = PBXFileReference; lastKnownFileType = sourcecode.swift; path = BorderAnimationViewModel.swift; sourceTree = "<group>"; };
		E971E2102D23E4E600304CA6 /* KeychainService.swift */ = {isa = PBXFileReference; lastKnownFileType = sourcecode.swift; path = KeychainService.swift; sourceTree = "<group>"; };
		E97259342D155B3D00D498CC /* Crypto_AnalyserApp.swift */ = {isa = PBXFileReference; lastKnownFileType = sourcecode.swift; path = Crypto_AnalyserApp.swift; sourceTree = "<group>"; };
		E97259382D155B3F00D498CC /* Assets.xcassets */ = {isa = PBXFileReference; lastKnownFileType = folder.assetcatalog; path = Assets.xcassets; sourceTree = "<group>"; };
		E972593B2D155B3F00D498CC /* Preview Assets.xcassets */ = {isa = PBXFileReference; lastKnownFileType = folder.assetcatalog; path = "Preview Assets.xcassets"; sourceTree = "<group>"; };
		E972594D2D155CA300D498CC /* Crypto Analyser Dev.app */ = {isa = PBXFileReference; explicitFileType = wrapper.application; includeInIndex = 0; path = "Crypto Analyser Dev.app"; sourceTree = BUILT_PRODUCTS_DIR; };
		E97259532D1560C600D498CC /* SignUpView.swift */ = {isa = PBXFileReference; lastKnownFileType = sourcecode.swift; path = SignUpView.swift; sourceTree = "<group>"; };
		E97259592D15656900D498CC /* StringConstants.swift */ = {isa = PBXFileReference; lastKnownFileType = sourcecode.swift; path = StringConstants.swift; sourceTree = "<group>"; };
		E972595B2D1587CC00D498CC /* LoginView.swift */ = {isa = PBXFileReference; lastKnownFileType = sourcecode.swift; path = LoginView.swift; sourceTree = "<group>"; };
		E972595E2D158E8500D498CC /* Router.swift */ = {isa = PBXFileReference; lastKnownFileType = sourcecode.swift; path = Router.swift; sourceTree = "<group>"; };
		E97259612D15955600D498CC /* ForgotPassword.swift */ = {isa = PBXFileReference; lastKnownFileType = sourcecode.swift; path = ForgotPassword.swift; sourceTree = "<group>"; };
		E97259652D15B02E00D498CC /* Crypto-Analyser-Pro-Info.plist */ = {isa = PBXFileReference; lastKnownFileType = text.plist.xml; path = "Crypto-Analyser-Pro-Info.plist"; sourceTree = SOURCE_ROOT; };
		E97259662D15B26300D498CC /* Crypto-Analyser-Dev-Info.plist */ = {isa = PBXFileReference; lastKnownFileType = text.plist.xml; path = "Crypto-Analyser-Dev-Info.plist"; sourceTree = "<group>"; };
		E973C0DE2D30ECD70076D1E6 /* ChatGPTResponse.swift */ = {isa = PBXFileReference; lastKnownFileType = sourcecode.swift; path = ChatGPTResponse.swift; sourceTree = "<group>"; };
		E975E7D72D1E9AD9004F1769 /* Launch Screen.storyboard */ = {isa = PBXFileReference; lastKnownFileType = file.storyboard; path = "Launch Screen.storyboard"; sourceTree = "<group>"; };
		E975E7DA2D1EAE97004F1769 /* NewsDetails.swift */ = {isa = PBXFileReference; lastKnownFileType = sourcecode.swift; path = NewsDetails.swift; sourceTree = "<group>"; };
		E975E7E02D1EAEE2004F1769 /* NewsJson.json */ = {isa = PBXFileReference; lastKnownFileType = text.json; path = NewsJson.json; sourceTree = "<group>"; };
		E977D3E72D47BABF0079B382 /* MessageData.swift */ = {isa = PBXFileReference; lastKnownFileType = sourcecode.swift; path = MessageData.swift; sourceTree = "<group>"; };
		E977D3EA2D47BC940079B382 /* ChatGPTData.swift */ = {isa = PBXFileReference; fileEncoding = 4; lastKnownFileType = sourcecode.swift; path = ChatGPTData.swift; sourceTree = "<group>"; };
		E977D3ED2D47C1C80079B382 /* CryptoResponse.swift */ = {isa = PBXFileReference; lastKnownFileType = sourcecode.swift; path = CryptoResponse.swift; sourceTree = "<group>"; };
		E978BD782D3544ED00219A41 /* IAP Constants.swift */ = {isa = PBXFileReference; fileEncoding = 4; lastKnownFileType = sourcecode.swift; path = "IAP Constants.swift"; sourceTree = "<group>"; };
		E978BD792D3544ED00219A41 /* SubscriptionPayLoad.swift */ = {isa = PBXFileReference; fileEncoding = 4; lastKnownFileType = sourcecode.swift; path = SubscriptionPayLoad.swift; sourceTree = "<group>"; };
		E978BD7A2D3544ED00219A41 /* EntitlementManager.swift */ = {isa = PBXFileReference; fileEncoding = 4; lastKnownFileType = sourcecode.swift; path = EntitlementManager.swift; sourceTree = "<group>"; };
		E978BD7B2D3544ED00219A41 /* SubscriptionsManager.swift */ = {isa = PBXFileReference; fileEncoding = 4; lastKnownFileType = sourcecode.swift; path = SubscriptionsManager.swift; sourceTree = "<group>"; };
		E978BD7C2D3544ED00219A41 /* StoreKit.storekit */ = {isa = PBXFileReference; fileEncoding = 4; lastKnownFileType = text; path = StoreKit.storekit; sourceTree = "<group>"; };
		E978BD872D35453900219A41 /* SubscriptionsView.swift */ = {isa = PBXFileReference; fileEncoding = 4; lastKnownFileType = sourcecode.swift; path = SubscriptionsView.swift; sourceTree = "<group>"; };
		E97D15A92D1ACE7E005A9A3F /* CameraView.swift */ = {isa = PBXFileReference; lastKnownFileType = sourcecode.swift; path = CameraView.swift; sourceTree = "<group>"; };
		E97D15AC2D1AD0C0005A9A3F /* GalleryView.swift */ = {isa = PBXFileReference; lastKnownFileType = sourcecode.swift; path = GalleryView.swift; sourceTree = "<group>"; };
		E97DA4B32D59DAFF0023953E /* CoinRowView.swift */ = {isa = PBXFileReference; lastKnownFileType = sourcecode.swift; path = CoinRowView.swift; sourceTree = "<group>"; };
		E97DA4B72D59FB330023953E /* NewsCellView.swift */ = {isa = PBXFileReference; lastKnownFileType = sourcecode.swift; path = NewsCellView.swift; sourceTree = "<group>"; };
		E97E80692D1936DD003D6CC6 /* Crypto Analyser Dev.entitlements */ = {isa = PBXFileReference; lastKnownFileType = text.plist.entitlements; path = "Crypto Analyser Dev.entitlements"; sourceTree = "<group>"; };
		E97E806A2D193EDE003D6CC6 /* AppleSignInManager.swift */ = {isa = PBXFileReference; lastKnownFileType = sourcecode.swift; path = AppleSignInManager.swift; sourceTree = "<group>"; };
		E97E806E2D19963A003D6CC6 /* AccountInformationView.swift */ = {isa = PBXFileReference; lastKnownFileType = sourcecode.swift; path = AccountInformationView.swift; sourceTree = "<group>"; };
		E97E80712D199652003D6CC6 /* EditProfileView.swift */ = {isa = PBXFileReference; lastKnownFileType = sourcecode.swift; path = EditProfileView.swift; sourceTree = "<group>"; };
		E9868E422D168ED6007ACB26 /* Crypto Analyser Pro.app */ = {isa = PBXFileReference; explicitFileType = wrapper.application; includeInIndex = 0; path = "Crypto Analyser Pro.app"; sourceTree = BUILT_PRODUCTS_DIR; };
		E9868E452D169803007ACB26 /* AppDelegate.swift */ = {isa = PBXFileReference; lastKnownFileType = sourcecode.swift; path = AppDelegate.swift; sourceTree = "<group>"; };
		E9868E482D16A535007ACB26 /* TabbarView.swift */ = {isa = PBXFileReference; lastKnownFileType = sourcecode.swift; path = TabbarView.swift; sourceTree = "<group>"; };
		E9868E4B2D16A5C4007ACB26 /* HomeView.swift */ = {isa = PBXFileReference; lastKnownFileType = sourcecode.swift; path = HomeView.swift; sourceTree = "<group>"; };
		E9868E4E2D16A623007ACB26 /* CryptoNewsView.swift */ = {isa = PBXFileReference; lastKnownFileType = sourcecode.swift; path = CryptoNewsView.swift; sourceTree = "<group>"; };
		E9868E512D16A8BF007ACB26 /* SettingView.swift */ = {isa = PBXFileReference; lastKnownFileType = sourcecode.swift; path = SettingView.swift; sourceTree = "<group>"; };
		E9868E5D2D16BBBF007ACB26 /* FirebaseAuthentication.swift */ = {isa = PBXFileReference; lastKnownFileType = sourcecode.swift; path = FirebaseAuthentication.swift; sourceTree = "<group>"; };
		E9868E5F2D16E848007ACB26 /* GoogleService-Info.plist */ = {isa = PBXFileReference; fileEncoding = 4; lastKnownFileType = text.plist.xml; path = "GoogleService-Info.plist"; sourceTree = "<group>"; };
		E9868E992D16F75F007ACB26 /* GoogleSignInManager.swift */ = {isa = PBXFileReference; lastKnownFileType = sourcecode.swift; path = GoogleSignInManager.swift; sourceTree = "<group>"; };
		E9868E9D2D1701A7007ACB26 /* UserSessionManager.swift */ = {isa = PBXFileReference; lastKnownFileType = sourcecode.swift; path = UserSessionManager.swift; sourceTree = "<group>"; };
		E9875F102D2929610017B4A7 /* UiImage+Extension.swift */ = {isa = PBXFileReference; lastKnownFileType = sourcecode.swift; path = "UiImage+Extension.swift"; sourceTree = "<group>"; };
		E9890E5C2D48AA5400FBE71C /* SearchCoinView.swift */ = {isa = PBXFileReference; lastKnownFileType = sourcecode.swift; path = SearchCoinView.swift; sourceTree = "<group>"; };
		E9890E5F2D48CC9D00FBE71C /* SearchViewModel.swift */ = {isa = PBXFileReference; lastKnownFileType = sourcecode.swift; path = SearchViewModel.swift; sourceTree = "<group>"; };
		E9890E622D4909FF00FBE71C /* SafariWrapperViewController.swift */ = {isa = PBXFileReference; lastKnownFileType = sourcecode.swift; path = SafariWrapperViewController.swift; sourceTree = "<group>"; };
		E9890E652D4919E900FBE71C /* CryptoNewsViewModel.swift */ = {isa = PBXFileReference; lastKnownFileType = sourcecode.swift; path = CryptoNewsViewModel.swift; sourceTree = "<group>"; };
		F4FDB02C231F62150C660AD2 /* Pods_Crypto_Analyser_Dev.framework */ = {isa = PBXFileReference; explicitFileType = wrapper.framework; includeInIndex = 0; path = Pods_Crypto_Analyser_Dev.framework; sourceTree = BUILT_PRODUCTS_DIR; };
/* End PBXFileReference section */

/* Begin PBXFrameworksBuildPhase section */
		E97259462D155CA300D498CC /* Frameworks */ = {
			isa = PBXFrameworksBuildPhase;
			buildActionMask = 2147483647;
			files = (
				E9868E7D2D16F2FD007ACB26 /* FirebaseDatabase in Frameworks */,
				E9868E982D16F467007ACB26 /* GoogleSignIn in Frameworks */,
				E9868E792D16F2FD007ACB26 /* FirebaseCore in Frameworks */,
				E9868E9C2D16F786007ACB26 /* GoogleSignInSwift in Frameworks */,
				E9868E752D16F2FD007ACB26 /* FirebaseAuth in Frameworks */,
				E9868E912D16F2FD007ACB26 /* FirebaseStorage in Frameworks */,
				E9868E692D16F2F0007ACB26 /* FirebaseFirestore in Frameworks */,
				45B9228500DD77E046BF1AC8 /* Pods_Crypto_Analyser_Dev.framework in Frameworks */,
			);
			runOnlyForDeploymentPostprocessing = 0;
		};
		E9868E3A2D168ED6007ACB26 /* Frameworks */ = {
			isa = PBXFrameworksBuildPhase;
			buildActionMask = 2147483647;
			files = (
				E9868EB72D17051B007ACB26 /* FirebaseFirestore in Frameworks */,
				E9868ED12D17051B007ACB26 /* GoogleSignIn in Frameworks */,
				E9868EC12D17051B007ACB26 /* FirebaseInstallations in Frameworks */,
				E9868ED32D17051B007ACB26 /* GoogleSignInSwift in Frameworks */,
				E9868EAB2D17051B007ACB26 /* FirebaseAuth in Frameworks */,
				E9868ECB2D17051B007ACB26 /* FirebaseStorage in Frameworks */,
				E9868EC92D17051B007ACB26 /* FirebaseRemoteConfig in Frameworks */,
				E9868EC72D17051B007ACB26 /* FirebasePerformance in Frameworks */,
				E9868EB32D17051B007ACB26 /* FirebaseDatabase in Frameworks */,
				E9868EAF2D17051B007ACB26 /* FirebaseCore in Frameworks */,
				E9868EBB2D17051B007ACB26 /* FirebaseFunctions in Frameworks */,
				E6FF9ECBF19AF4C87AD76022 /* Pods_Crypto_Analyser_Pro.framework in Frameworks */,
			);
			runOnlyForDeploymentPostprocessing = 0;
		};
/* End PBXFrameworksBuildPhase section */

/* Begin PBXGroup section */
		06A5C9ED2CD33711A0FACF91 /* Frameworks */ = {
			isa = PBXGroup;
			children = (
				F4FDB02C231F62150C660AD2 /* Pods_Crypto_Analyser_Dev.framework */,
				C3C9F2309C15C24909603AC3 /* Pods_Crypto_Analyser_Pro.framework */,
			);
			name = Frameworks;
			sourceTree = "<group>";
		};
		36C1C8FB85D47BA3A4B91092 /* Pods */ = {
			isa = PBXGroup;
			children = (
				842DD7C4AE72DB1E7799762C /* Pods-Crypto Analyser Dev.debug.xcconfig */,
				D2E6F7B7B93CD7F99D800890 /* Pods-Crypto Analyser Dev.release.xcconfig */,
				69C63983E1100E31866C9738 /* Pods-Crypto Analyser Pro.debug.xcconfig */,
				0D2EFC639EEB1A892AC072E2 /* Pods-Crypto Analyser Pro.release.xcconfig */,
				D83A49D4A5D46CDC87A08899 /* Pods-Shared Pods-Crypto Analyser Dev.debug.xcconfig */,
				27691080F18D00505809B20A /* Pods-Shared Pods-Crypto Analyser Dev.release.xcconfig */,
				485F7D37F8E7FC36E014D524 /* Pods-Shared Pods-Crypto Analyser Pro.debug.xcconfig */,
				C8B5506863977D0347E30606 /* Pods-Shared Pods-Crypto Analyser Pro.release.xcconfig */,
			);
			path = Pods;
			sourceTree = "<group>";
		};
		E91DEDCC2D1D689E0028FE6D /* Components */ = {
			isa = PBXGroup;
			children = (
				E91DEDCD2D1D68C80028FE6D /* CircularLoaderView.swift */,
				E96F0EAF2D4B72D8008ED453 /* ViewModel */,
			);
			path = Components;
			sourceTree = "<group>";
		};
		E96F0EAF2D4B72D8008ED453 /* ViewModel */ = {
			isa = PBXGroup;
			children = (
				E96F0EB02D4B72F9008ED453 /* BorderAnimationViewModel.swift */,
			);
			path = ViewModel;
			sourceTree = "<group>";
		};
		E971E20F2D23E4D300304CA6 /* Storage */ = {
			isa = PBXGroup;
			children = (
				E971E2102D23E4E600304CA6 /* KeychainService.swift */,
			);
			path = Storage;
			sourceTree = "<group>";
		};
		E97259282D155B3D00D498CC = {
			isa = PBXGroup;
			children = (
				E975E7D72D1E9AD9004F1769 /* Launch Screen.storyboard */,
				E97E80692D1936DD003D6CC6 /* Crypto Analyser Dev.entitlements */,
				E97259662D15B26300D498CC /* Crypto-Analyser-Dev-Info.plist */,
				E97259652D15B02E00D498CC /* Crypto-Analyser-Pro-Info.plist */,
				E97259332D155B3D00D498CC /* Crypto Analyser */,
				E97259322D155B3D00D498CC /* Products */,
				36C1C8FB85D47BA3A4B91092 /* Pods */,
				06A5C9ED2CD33711A0FACF91 /* Frameworks */,
			);
			sourceTree = "<group>";
		};
		E97259322D155B3D00D498CC /* Products */ = {
			isa = PBXGroup;
			children = (
				E972594D2D155CA300D498CC /* Crypto Analyser Dev.app */,
				E9868E422D168ED6007ACB26 /* Crypto Analyser Pro.app */,
			);
			name = Products;
			sourceTree = "<group>";
		};
		E97259332D155B3D00D498CC /* Crypto Analyser */ = {
			isa = PBXGroup;
			children = (
				E971E20F2D23E4D300304CA6 /* Storage */,
				E9868E5F2D16E848007ACB26 /* GoogleService-Info.plist */,
				E97259342D155B3D00D498CC /* Crypto_AnalyserApp.swift */,
				E9868E452D169803007ACB26 /* AppDelegate.swift */,
				E975E7E02D1EAEE2004F1769 /* NewsJson.json */,
				E978BD772D3544ED00219A41 /* IAP */,
				E974C29A2D2D179300BBD7C9 /* Network */,
				E97259582D15654D00D498CC /* Helper */,
				E972594F2D155FF800D498CC /* FireBase Manager */,
				E97259522D15609D00D498CC /* AuthFlow */,
				E972594E2D155F1000D498CC /* TabBar */,
				E91DEDCC2D1D689E0028FE6D /* Components */,
				E97259382D155B3F00D498CC /* Assets.xcassets */,
				E972593A2D155B3F00D498CC /* Preview Content */,
			);
			path = "Crypto Analyser";
			sourceTree = "<group>";
		};
		E972593A2D155B3F00D498CC /* Preview Content */ = {
			isa = PBXGroup;
			children = (
				E972593B2D155B3F00D498CC /* Preview Assets.xcassets */,
			);
			path = "Preview Content";
			sourceTree = "<group>";
		};
		E972594E2D155F1000D498CC /* TabBar */ = {
			isa = PBXGroup;
			children = (
				E9868E482D16A535007ACB26 /* TabbarView.swift */,
				E9868E542D16ABC8007ACB26 /* Home */,
				E9868E552D16ABD3007ACB26 /* News */,
				E9868E562D16ABE6007ACB26 /* Setting */,
			);
			path = TabBar;
			sourceTree = "<group>";
		};
		E972594F2D155FF800D498CC /* FireBase Manager */ = {
			isa = PBXGroup;
			children = (
				E97E806D2D194046003D6CC6 /* Auth */,
				E91DEDC62D1D1C420028FE6D /* FireBaseResentSearches.swift */,
			);
			path = "FireBase Manager";
			sourceTree = "<group>";
		};
		E97259522D15609D00D498CC /* AuthFlow */ = {
			isa = PBXGroup;
			children = (
				E97259532D1560C600D498CC /* SignUpView.swift */,
				E972595B2D1587CC00D498CC /* LoginView.swift */,
				E97259612D15955600D498CC /* ForgotPassword.swift */,
			);
			path = AuthFlow;
			sourceTree = "<group>";
		};
		E97259582D15654D00D498CC /* Helper */ = {
			isa = PBXGroup;
			children = (
				E97259592D15656900D498CC /* StringConstants.swift */,
				E972595E2D158E8500D498CC /* Router.swift */,
				E9868E9D2D1701A7007ACB26 /* UserSessionManager.swift */,
				E9875F102D2929610017B4A7 /* UiImage+Extension.swift */,
			);
			path = Helper;
			sourceTree = "<group>";
		};
		E973C0E12D30ECF60076D1E6 /* Model */ = {
			isa = PBXGroup;
			children = (
				E975E7DA2D1EAE97004F1769 /* NewsDetails.swift */,
				E973C0DE2D30ECD70076D1E6 /* ChatGPTResponse.swift */,
				E977D3E72D47BABF0079B382 /* MessageData.swift */,
				E977D3ED2D47C1C80079B382 /* CryptoResponse.swift */,
			);
			path = Model;
			sourceTree = "<group>";
		};
		E973C0E22D30EFB20076D1E6 /* Components */ = {
			isa = PBXGroup;
			children = (
				E97D15A92D1ACE7E005A9A3F /* CameraView.swift */,
				E97D15AC2D1AD0C0005A9A3F /* GalleryView.swift */,
				E94F141A2D2FBBF100F41BBB /* SearchWebView.swift */,
				E97DA4B32D59DAFF0023953E /* CoinRowView.swift */,
			);
			path = Components;
			sourceTree = "<group>";
		};
		E974C29A2D2D179300BBD7C9 /* Network */ = {
			isa = PBXGroup;
			children = (
				E977D3EA2D47BC940079B382 /* ChatGPTData.swift */,
				E9890E5F2D48CC9D00FBE71C /* SearchViewModel.swift */,
				E973C0E12D30ECF60076D1E6 /* Model */,
			);
			path = Network;
			sourceTree = "<group>";
		};
		E978BD772D3544ED00219A41 /* IAP */ = {
			isa = PBXGroup;
			children = (
				E978BD782D3544ED00219A41 /* IAP Constants.swift */,
				E978BD792D3544ED00219A41 /* SubscriptionPayLoad.swift */,
				E978BD7A2D3544ED00219A41 /* EntitlementManager.swift */,
				E978BD7B2D3544ED00219A41 /* SubscriptionsManager.swift */,
				E978BD7C2D3544ED00219A41 /* StoreKit.storekit */,
			);
			path = IAP;
			sourceTree = "<group>";
		};
		E97DA4B62D59FB150023953E /* Components */ = {
			isa = PBXGroup;
			children = (
				E97DA4B72D59FB330023953E /* NewsCellView.swift */,
			);
			path = Components;
			sourceTree = "<group>";
		};
		E97E806D2D194046003D6CC6 /* Auth */ = {
			isa = PBXGroup;
			children = (
				E9868E5D2D16BBBF007ACB26 /* FirebaseAuthentication.swift */,
				E9868E992D16F75F007ACB26 /* GoogleSignInManager.swift */,
				E97E806A2D193EDE003D6CC6 /* AppleSignInManager.swift */,
			);
			path = Auth;
			sourceTree = "<group>";
		};
		E9868E542D16ABC8007ACB26 /* Home */ = {
			isa = PBXGroup;
			children = (
				E9868E4B2D16A5C4007ACB26 /* HomeView.swift */,
				E91DEDD02D1D9D820028FE6D /* ImageAnalyserView.swift */,
				E9695B4C2D2699DC00CA441D /* DataDescriptionView.swift */,
				E9890E5C2D48AA5400FBE71C /* SearchCoinView.swift */,
				E91DEDC92D1D5E210028FE6D /* SearchView.swift */,
				E973C0E22D30EFB20076D1E6 /* Components */,
			);
			path = Home;
			sourceTree = "<group>";
		};
		E9868E552D16ABD3007ACB26 /* News */ = {
			isa = PBXGroup;
			children = (
				E9868E4E2D16A623007ACB26 /* CryptoNewsView.swift */,
				E9890E622D4909FF00FBE71C /* SafariWrapperViewController.swift */,
				E9890E652D4919E900FBE71C /* CryptoNewsViewModel.swift */,
				E97DA4B62D59FB150023953E /* Components */,
			);
			path = News;
			sourceTree = "<group>";
		};
		E9868E562D16ABE6007ACB26 /* Setting */ = {
			isa = PBXGroup;
			children = (
				E9868E512D16A8BF007ACB26 /* SettingView.swift */,
				E97E80712D199652003D6CC6 /* EditProfileView.swift */,
				E978BD872D35453900219A41 /* SubscriptionsView.swift */,
				E97E806E2D19963A003D6CC6 /* AccountInformationView.swift */,
			);
			path = Setting;
			sourceTree = "<group>";
		};
/* End PBXGroup section */

/* Begin PBXNativeTarget section */
		E97259422D155CA300D498CC /* Crypto Analyser Dev */ = {
			isa = PBXNativeTarget;
			buildConfigurationList = E972594A2D155CA300D498CC /* Build configuration list for PBXNativeTarget "Crypto Analyser Dev" */;
			buildPhases = (
				895EF9BD2C1734116E344CE7 /* [CP] Check Pods Manifest.lock */,
				E97259432D155CA300D498CC /* Sources */,
				E97259462D155CA300D498CC /* Frameworks */,
				E97259472D155CA300D498CC /* Resources */,
				E5E74D492679412CF460720B /* [CP] Embed Pods Frameworks */,
			);
			buildRules = (
			);
			dependencies = (
			);
			name = "Crypto Analyser Dev";
			packageProductDependencies = (
				E9868E682D16F2F0007ACB26 /* FirebaseFirestore */,
				E9868E742D16F2FD007ACB26 /* FirebaseAuth */,
				E9868E782D16F2FD007ACB26 /* FirebaseCore */,
				E9868E7C2D16F2FD007ACB26 /* FirebaseDatabase */,
				E9868E902D16F2FD007ACB26 /* FirebaseStorage */,
				E9868E972D16F467007ACB26 /* GoogleSignIn */,
				E9868E9B2D16F786007ACB26 /* GoogleSignInSwift */,
			);
			productName = "Crypto Analyser";
			productReference = E972594D2D155CA300D498CC /* Crypto Analyser Dev.app */;
			productType = "com.apple.product-type.application";
		};
		E9868E322D168ED6007ACB26 /* Crypto Analyser Pro */ = {
			isa = PBXNativeTarget;
			buildConfigurationList = E9868E3F2D168ED6007ACB26 /* Build configuration list for PBXNativeTarget "Crypto Analyser Pro" */;
			buildPhases = (
				600E5471AC4F684AA06199E6 /* [CP] Check Pods Manifest.lock */,
				E9868E332D168ED6007ACB26 /* Sources */,
				E9868E3A2D168ED6007ACB26 /* Frameworks */,
				E9868E3B2D168ED6007ACB26 /* Resources */,
				F37BA61B866F3F290A5E4193 /* [CP] Embed Pods Frameworks */,
			);
			buildRules = (
			);
			dependencies = (
			);
			name = "Crypto Analyser Pro";
			packageProductDependencies = (
				E9868EAA2D17051B007ACB26 /* FirebaseAuth */,
				E9868EAE2D17051B007ACB26 /* FirebaseCore */,
				E9868EB22D17051B007ACB26 /* FirebaseDatabase */,
				E9868EB62D17051B007ACB26 /* FirebaseFirestore */,
				E9868EBA2D17051B007ACB26 /* FirebaseFunctions */,
				E9868EC02D17051B007ACB26 /* FirebaseInstallations */,
				E9868EC62D17051B007ACB26 /* FirebasePerformance */,
				E9868EC82D17051B007ACB26 /* FirebaseRemoteConfig */,
				E9868ECA2D17051B007ACB26 /* FirebaseStorage */,
				E9868ED02D17051B007ACB26 /* GoogleSignIn */,
				E9868ED22D17051B007ACB26 /* GoogleSignInSwift */,
			);
			productName = "Crypto Analyser";
			productReference = E9868E422D168ED6007ACB26 /* Crypto Analyser Pro.app */;
			productType = "com.apple.product-type.application";
		};
/* End PBXNativeTarget section */

/* Begin PBXProject section */
		E97259292D155B3D00D498CC /* Project object */ = {
			isa = PBXProject;
			attributes = {
				BuildIndependentTargetsInParallel = 1;
				LastSwiftUpdateCheck = 1500;
				LastUpgradeCheck = 1500;
			};
			buildConfigurationList = E972592C2D155B3D00D498CC /* Build configuration list for PBXProject "Crypto Analyser" */;
			compatibilityVersion = "Xcode 14.0";
			developmentRegion = en;
			hasScannedForEncodings = 0;
			knownRegions = (
				en,
				Base,
			);
			mainGroup = E97259282D155B3D00D498CC;
			packageReferences = (
				E9868E652D16F2C7007ACB26 /* XCRemoteSwiftPackageReference "firebase-ios-sdk" */,
				E9868E962D16F42B007ACB26 /* XCRemoteSwiftPackageReference "GoogleSignIn-iOS" */,
			);
			productRefGroup = E97259322D155B3D00D498CC /* Products */;
			projectDirPath = "";
			projectRoot = "";
			targets = (
				E97259422D155CA300D498CC /* Crypto Analyser Dev */,
				E9868E322D168ED6007ACB26 /* Crypto Analyser Pro */,
			);
		};
/* End PBXProject section */

/* Begin PBXResourcesBuildPhase section */
		E97259472D155CA300D498CC /* Resources */ = {
			isa = PBXResourcesBuildPhase;
			buildActionMask = 2147483647;
			files = (
				E9868E312D168865007ACB26 /* Crypto-Analyser-Dev-Info.plist in Resources */,
				E9868E602D16E848007ACB26 /* GoogleService-Info.plist in Resources */,
				E97259482D155CA300D498CC /* Preview Assets.xcassets in Resources */,
				E975E7E12D1EAEE2004F1769 /* NewsJson.json in Resources */,
				E978BD852D3544ED00219A41 /* StoreKit.storekit in Resources */,
				E975E7D82D1E9AD9004F1769 /* Launch Screen.storyboard in Resources */,
				E97259492D155CA300D498CC /* Assets.xcassets in Resources */,
			);
			runOnlyForDeploymentPostprocessing = 0;
		};
		E9868E3B2D168ED6007ACB26 /* Resources */ = {
			isa = PBXResourcesBuildPhase;
			buildActionMask = 2147483647;
			files = (
				E9868E3D2D168ED6007ACB26 /* Preview Assets.xcassets in Resources */,
				E9868E612D16E848007ACB26 /* GoogleService-Info.plist in Resources */,
				E9868E442D168F10007ACB26 /* Crypto-Analyser-Pro-Info.plist in Resources */,
				E975E7E22D1EAEE2004F1769 /* NewsJson.json in Resources */,
				E978BD862D3544ED00219A41 /* StoreKit.storekit in Resources */,
				E975E7D92D1E9AD9004F1769 /* Launch Screen.storyboard in Resources */,
				E9868E3E2D168ED6007ACB26 /* Assets.xcassets in Resources */,
			);
			runOnlyForDeploymentPostprocessing = 0;
		};
/* End PBXResourcesBuildPhase section */

/* Begin PBXShellScriptBuildPhase section */
		600E5471AC4F684AA06199E6 /* [CP] Check Pods Manifest.lock */ = {
			isa = PBXShellScriptBuildPhase;
			buildActionMask = 2147483647;
			files = (
			);
			inputFileListPaths = (
			);
			inputPaths = (
				"${PODS_PODFILE_DIR_PATH}/Podfile.lock",
				"${PODS_ROOT}/Manifest.lock",
			);
			name = "[CP] Check Pods Manifest.lock";
			outputFileListPaths = (
			);
			outputPaths = (
				"$(DERIVED_FILE_DIR)/Pods-Crypto Analyser Pro-checkManifestLockResult.txt",
			);
			runOnlyForDeploymentPostprocessing = 0;
			shellPath = /bin/sh;
			shellScript = "diff \"${PODS_PODFILE_DIR_PATH}/Podfile.lock\" \"${PODS_ROOT}/Manifest.lock\" > /dev/null\nif [ $? != 0 ] ; then\n    # print error to STDERR\n    echo \"error: The sandbox is not in sync with the Podfile.lock. Run 'pod install' or update your CocoaPods installation.\" >&2\n    exit 1\nfi\n# This output is used by Xcode 'outputs' to avoid re-running this script phase.\necho \"SUCCESS\" > \"${SCRIPT_OUTPUT_FILE_0}\"\n";
			showEnvVarsInLog = 0;
		};
		895EF9BD2C1734116E344CE7 /* [CP] Check Pods Manifest.lock */ = {
			isa = PBXShellScriptBuildPhase;
			buildActionMask = 2147483647;
			files = (
			);
			inputFileListPaths = (
			);
			inputPaths = (
				"${PODS_PODFILE_DIR_PATH}/Podfile.lock",
				"${PODS_ROOT}/Manifest.lock",
			);
			name = "[CP] Check Pods Manifest.lock";
			outputFileListPaths = (
			);
			outputPaths = (
				"$(DERIVED_FILE_DIR)/Pods-Crypto Analyser Dev-checkManifestLockResult.txt",
			);
			runOnlyForDeploymentPostprocessing = 0;
			shellPath = /bin/sh;
			shellScript = "diff \"${PODS_PODFILE_DIR_PATH}/Podfile.lock\" \"${PODS_ROOT}/Manifest.lock\" > /dev/null\nif [ $? != 0 ] ; then\n    # print error to STDERR\n    echo \"error: The sandbox is not in sync with the Podfile.lock. Run 'pod install' or update your CocoaPods installation.\" >&2\n    exit 1\nfi\n# This output is used by Xcode 'outputs' to avoid re-running this script phase.\necho \"SUCCESS\" > \"${SCRIPT_OUTPUT_FILE_0}\"\n";
			showEnvVarsInLog = 0;
		};
		E5E74D492679412CF460720B /* [CP] Embed Pods Frameworks */ = {
			isa = PBXShellScriptBuildPhase;
			buildActionMask = 2147483647;
			files = (
			);
			inputFileListPaths = (
				"${PODS_ROOT}/Target Support Files/Pods-Crypto Analyser Dev/Pods-Crypto Analyser Dev-frameworks-${CONFIGURATION}-input-files.xcfilelist",
			);
			name = "[CP] Embed Pods Frameworks";
			outputFileListPaths = (
				"${PODS_ROOT}/Target Support Files/Pods-Crypto Analyser Dev/Pods-Crypto Analyser Dev-frameworks-${CONFIGURATION}-output-files.xcfilelist",
			);
			runOnlyForDeploymentPostprocessing = 0;
			shellPath = /bin/sh;
			shellScript = "\"${PODS_ROOT}/Target Support Files/Pods-Crypto Analyser Dev/Pods-Crypto Analyser Dev-frameworks.sh\"\n";
			showEnvVarsInLog = 0;
		};
		F37BA61B866F3F290A5E4193 /* [CP] Embed Pods Frameworks */ = {
			isa = PBXShellScriptBuildPhase;
			buildActionMask = 2147483647;
			files = (
			);
			inputFileListPaths = (
				"${PODS_ROOT}/Target Support Files/Pods-Crypto Analyser Pro/Pods-Crypto Analyser Pro-frameworks-${CONFIGURATION}-input-files.xcfilelist",
			);
			name = "[CP] Embed Pods Frameworks";
			outputFileListPaths = (
				"${PODS_ROOT}/Target Support Files/Pods-Crypto Analyser Pro/Pods-Crypto Analyser Pro-frameworks-${CONFIGURATION}-output-files.xcfilelist",
			);
			runOnlyForDeploymentPostprocessing = 0;
			shellPath = /bin/sh;
			shellScript = "\"${PODS_ROOT}/Target Support Files/Pods-Crypto Analyser Pro/Pods-Crypto Analyser Pro-frameworks.sh\"\n";
			showEnvVarsInLog = 0;
		};
/* End PBXShellScriptBuildPhase section */

/* Begin PBXSourcesBuildPhase section */
		E97259432D155CA300D498CC /* Sources */ = {
			isa = PBXSourcesBuildPhase;
			buildActionMask = 2147483647;
			files = (
				E9868E4C2D16A5C4007ACB26 /* HomeView.swift in Sources */,
				E97E80722D199652003D6CC6 /* EditProfileView.swift in Sources */,
				E97259602D158E8500D498CC /* Router.swift in Sources */,
				E977D3E82D47BABF0079B382 /* MessageData.swift in Sources */,
				E971E2112D23E4E600304CA6 /* KeychainService.swift in Sources */,
				E97D15AA2D1ACE7E005A9A3F /* CameraView.swift in Sources */,
				E978BD7D2D3544ED00219A41 /* IAP Constants.swift in Sources */,
				E972595D2D1587CC00D498CC /* LoginView.swift in Sources */,
				E9868E492D16A535007ACB26 /* TabbarView.swift in Sources */,
				E9890E662D4919E900FBE71C /* CryptoNewsViewModel.swift in Sources */,
				E97E806B2D193EDE003D6CC6 /* AppleSignInManager.swift in Sources */,
				E97DA4B42D59DAFF0023953E /* CoinRowView.swift in Sources */,
				E97E806F2D19963A003D6CC6 /* AccountInformationView.swift in Sources */,
				E9868E9A2D16F75F007ACB26 /* GoogleSignInManager.swift in Sources */,
				E97259642D15A3D500D498CC /* StringConstants.swift in Sources */,
				E9695B4D2D2699DC00CA441D /* DataDescriptionView.swift in Sources */,
				E973C0DF2D30ECD70076D1E6 /* ChatGPTResponse.swift in Sources */,
				E91DEDCA2D1D5E210028FE6D /* SearchView.swift in Sources */,
				E94F141B2D2FBBF100F41BBB /* SearchWebView.swift in Sources */,
				E97259562D15626800D498CC /* SignUpView.swift in Sources */,
				E9868E5E2D16BBBF007ACB26 /* FirebaseAuthentication.swift in Sources */,
				E9868E462D169803007ACB26 /* AppDelegate.swift in Sources */,
				E91DEDD12D1D9D820028FE6D /* ImageAnalyserView.swift in Sources */,
				E9868E4F2D16A623007ACB26 /* CryptoNewsView.swift in Sources */,
				E9890E632D4909FF00FBE71C /* SafariWrapperViewController.swift in Sources */,
				E977D3EE2D47C1C80079B382 /* CryptoResponse.swift in Sources */,
				E977D3EB2D47BC940079B382 /* ChatGPTData.swift in Sources */,
				E97259452D155CA300D498CC /* Crypto_AnalyserApp.swift in Sources */,
				E9890E602D48CC9D00FBE71C /* SearchViewModel.swift in Sources */,
				E91DEDCE2D1D68C80028FE6D /* CircularLoaderView.swift in Sources */,
				E96F0EB12D4B72F9008ED453 /* BorderAnimationViewModel.swift in Sources */,
				E91DEDC72D1D1C420028FE6D /* FireBaseResentSearches.swift in Sources */,
				E97DA4B82D59FB330023953E /* NewsCellView.swift in Sources */,
				E97259632D15955600D498CC /* ForgotPassword.swift in Sources */,
				E978BD812D3544ED00219A41 /* EntitlementManager.swift in Sources */,
				E978BD7F2D3544ED00219A41 /* SubscriptionPayLoad.swift in Sources */,
				E97D15AD2D1AD0C0005A9A3F /* GalleryView.swift in Sources */,
				E9875F112D2929610017B4A7 /* UiImage+Extension.swift in Sources */,
				E9868E522D16A8BF007ACB26 /* SettingView.swift in Sources */,
				E9868E9E2D1701A7007ACB26 /* UserSessionManager.swift in Sources */,
				E978BD882D35453900219A41 /* SubscriptionsView.swift in Sources */,
				E9890E5D2D48AA5400FBE71C /* SearchCoinView.swift in Sources */,
				E975E7DB2D1EAE97004F1769 /* NewsDetails.swift in Sources */,
				E978BD832D3544ED00219A41 /* SubscriptionsManager.swift in Sources */,
			);
			runOnlyForDeploymentPostprocessing = 0;
		};
		E9868E332D168ED6007ACB26 /* Sources */ = {
			isa = PBXSourcesBuildPhase;
			buildActionMask = 2147483647;
			files = (
				E9695B4E2D2699DC00CA441D /* DataDescriptionView.swift in Sources */,
				E9868E4D2D16A5C4007ACB26 /* HomeView.swift in Sources */,
				E97E80732D199652003D6CC6 /* EditProfileView.swift in Sources */,
				E977D3E92D47BABF0079B382 /* MessageData.swift in Sources */,
				E9868E9F2D1701A7007ACB26 /* UserSessionManager.swift in Sources */,
				E97D15AB2D1ACE7E005A9A3F /* CameraView.swift in Sources */,
				E978BD7E2D3544ED00219A41 /* IAP Constants.swift in Sources */,
				E9868E342D168ED6007ACB26 /* Router.swift in Sources */,
				E9868E352D168ED6007ACB26 /* LoginView.swift in Sources */,
				E9890E672D4919E900FBE71C /* CryptoNewsViewModel.swift in Sources */,
				E97E806C2D193EDF003D6CC6 /* AppleSignInManager.swift in Sources */,
				E97DA4B52D59DAFF0023953E /* CoinRowView.swift in Sources */,
				E97E80702D19963A003D6CC6 /* AccountInformationView.swift in Sources */,
				E9868E4A2D16A535007ACB26 /* TabbarView.swift in Sources */,
				E9868E362D168ED6007ACB26 /* StringConstants.swift in Sources */,
				E91DEDCB2D1D5E210028FE6D /* SearchView.swift in Sources */,
				E973C0E02D30ECD70076D1E6 /* ChatGPTResponse.swift in Sources */,
				E9868E372D168ED6007ACB26 /* SignUpView.swift in Sources */,
				E94F141C2D2FBBF100F41BBB /* SearchWebView.swift in Sources */,
				E9868E472D169803007ACB26 /* AppDelegate.swift in Sources */,
				E9868E502D16A623007ACB26 /* CryptoNewsView.swift in Sources */,
				E91DEDD22D1D9D820028FE6D /* ImageAnalyserView.swift in Sources */,
				E9868E382D168ED6007ACB26 /* Crypto_AnalyserApp.swift in Sources */,
				E9868ED52D170555007ACB26 /* GoogleSignInManager.swift in Sources */,
				E9890E642D4909FF00FBE71C /* SafariWrapperViewController.swift in Sources */,
				E977D3EF2D47C1C80079B382 /* CryptoResponse.swift in Sources */,
				E977D3EC2D47BC940079B382 /* ChatGPTData.swift in Sources */,
				E91DEDCF2D1D68C80028FE6D /* CircularLoaderView.swift in Sources */,
				E9890E612D48CC9D00FBE71C /* SearchViewModel.swift in Sources */,
				E91DEDC82D1D1C420028FE6D /* FireBaseResentSearches.swift in Sources */,
				E96F0EB22D4B72FE008ED453 /* BorderAnimationViewModel.swift in Sources */,
				E9868ED42D170552007ACB26 /* FirebaseAuthentication.swift in Sources */,
				E97DA4B92D59FB330023953E /* NewsCellView.swift in Sources */,
				E9875F122D2929610017B4A7 /* UiImage+Extension.swift in Sources */,
				E978BD822D3544ED00219A41 /* EntitlementManager.swift in Sources */,
				E978BD802D3544ED00219A41 /* SubscriptionPayLoad.swift in Sources */,
				E97D15AE2D1AD0C0005A9A3F /* GalleryView.swift in Sources */,
				E9868E392D168ED6007ACB26 /* ForgotPassword.swift in Sources */,
				E96F9E102D2EA4890038D714 /* KeychainService.swift in Sources */,
				E9868E532D16A8BF007ACB26 /* SettingView.swift in Sources */,
				E978BD892D35453900219A41 /* SubscriptionsView.swift in Sources */,
				E9890E5E2D48AA5400FBE71C /* SearchCoinView.swift in Sources */,
				E975E7DC2D1EAE97004F1769 /* NewsDetails.swift in Sources */,
				E978BD842D3544ED00219A41 /* SubscriptionsManager.swift in Sources */,
			);
			runOnlyForDeploymentPostprocessing = 0;
		};
/* End PBXSourcesBuildPhase section */

/* Begin XCBuildConfiguration section */
		E972593D2D155B3F00D498CC /* Debug */ = {
			isa = XCBuildConfiguration;
			buildSettings = {
				ALWAYS_SEARCH_USER_PATHS = NO;
				ASSETCATALOG_COMPILER_GENERATE_SWIFT_ASSET_SYMBOL_EXTENSIONS = YES;
				CLANG_ANALYZER_NONNULL = YES;
				CLANG_ANALYZER_NUMBER_OBJECT_CONVERSION = YES_AGGRESSIVE;
				CLANG_CXX_LANGUAGE_STANDARD = "gnu++20";
				CLANG_ENABLE_MODULES = YES;
				CLANG_ENABLE_OBJC_ARC = YES;
				CLANG_ENABLE_OBJC_WEAK = YES;
				CLANG_WARN_BLOCK_CAPTURE_AUTORELEASING = YES;
				CLANG_WARN_BOOL_CONVERSION = YES;
				CLANG_WARN_COMMA = YES;
				CLANG_WARN_CONSTANT_CONVERSION = YES;
				CLANG_WARN_DEPRECATED_OBJC_IMPLEMENTATIONS = YES;
				CLANG_WARN_DIRECT_OBJC_ISA_USAGE = YES_ERROR;
				CLANG_WARN_DOCUMENTATION_COMMENTS = YES;
				CLANG_WARN_EMPTY_BODY = YES;
				CLANG_WARN_ENUM_CONVERSION = YES;
				CLANG_WARN_INFINITE_RECURSION = YES;
				CLANG_WARN_INT_CONVERSION = YES;
				CLANG_WARN_NON_LITERAL_NULL_CONVERSION = YES;
				CLANG_WARN_OBJC_IMPLICIT_RETAIN_SELF = YES;
				CLANG_WARN_OBJC_LITERAL_CONVERSION = YES;
				CLANG_WARN_OBJC_ROOT_CLASS = YES_ERROR;
				CLANG_WARN_QUOTED_INCLUDE_IN_FRAMEWORK_HEADER = YES;
				CLANG_WARN_RANGE_LOOP_ANALYSIS = YES;
				CLANG_WARN_STRICT_PROTOTYPES = YES;
				CLANG_WARN_SUSPICIOUS_MOVE = YES;
				CLANG_WARN_UNGUARDED_AVAILABILITY = YES_AGGRESSIVE;
				CLANG_WARN_UNREACHABLE_CODE = YES;
				CLANG_WARN__DUPLICATE_METHOD_MATCH = YES;
				COPY_PHASE_STRIP = NO;
				DEBUG_INFORMATION_FORMAT = dwarf;
				ENABLE_STRICT_OBJC_MSGSEND = YES;
				ENABLE_TESTABILITY = YES;
				ENABLE_USER_SCRIPT_SANDBOXING = YES;
				GCC_C_LANGUAGE_STANDARD = gnu17;
				GCC_DYNAMIC_NO_PIC = NO;
				GCC_NO_COMMON_BLOCKS = YES;
				GCC_OPTIMIZATION_LEVEL = 0;
				GCC_PREPROCESSOR_DEFINITIONS = (
					"DEBUG=1",
					"$(inherited)",
				);
				GCC_WARN_64_TO_32_BIT_CONVERSION = YES;
				GCC_WARN_ABOUT_RETURN_TYPE = YES_ERROR;
				GCC_WARN_UNDECLARED_SELECTOR = YES;
				GCC_WARN_UNINITIALIZED_AUTOS = YES_AGGRESSIVE;
				GCC_WARN_UNUSED_FUNCTION = YES;
				GCC_WARN_UNUSED_VARIABLE = YES;
				IPHONEOS_DEPLOYMENT_TARGET = 17.0;
				LOCALIZATION_PREFERS_STRING_CATALOGS = YES;
				MTL_ENABLE_DEBUG_INFO = INCLUDE_SOURCE;
				MTL_FAST_MATH = YES;
				ONLY_ACTIVE_ARCH = YES;
				SDKROOT = iphoneos;
				SWIFT_ACTIVE_COMPILATION_CONDITIONS = "DEBUG $(inherited)";
				SWIFT_OPTIMIZATION_LEVEL = "-Onone";
			};
			name = Debug;
		};
		E972593E2D155B3F00D498CC /* Release */ = {
			isa = XCBuildConfiguration;
			buildSettings = {
				ALWAYS_SEARCH_USER_PATHS = NO;
				ASSETCATALOG_COMPILER_GENERATE_SWIFT_ASSET_SYMBOL_EXTENSIONS = YES;
				CLANG_ANALYZER_NONNULL = YES;
				CLANG_ANALYZER_NUMBER_OBJECT_CONVERSION = YES_AGGRESSIVE;
				CLANG_CXX_LANGUAGE_STANDARD = "gnu++20";
				CLANG_ENABLE_MODULES = YES;
				CLANG_ENABLE_OBJC_ARC = YES;
				CLANG_ENABLE_OBJC_WEAK = YES;
				CLANG_WARN_BLOCK_CAPTURE_AUTORELEASING = YES;
				CLANG_WARN_BOOL_CONVERSION = YES;
				CLANG_WARN_COMMA = YES;
				CLANG_WARN_CONSTANT_CONVERSION = YES;
				CLANG_WARN_DEPRECATED_OBJC_IMPLEMENTATIONS = YES;
				CLANG_WARN_DIRECT_OBJC_ISA_USAGE = YES_ERROR;
				CLANG_WARN_DOCUMENTATION_COMMENTS = YES;
				CLANG_WARN_EMPTY_BODY = YES;
				CLANG_WARN_ENUM_CONVERSION = YES;
				CLANG_WARN_INFINITE_RECURSION = YES;
				CLANG_WARN_INT_CONVERSION = YES;
				CLANG_WARN_NON_LITERAL_NULL_CONVERSION = YES;
				CLANG_WARN_OBJC_IMPLICIT_RETAIN_SELF = YES;
				CLANG_WARN_OBJC_LITERAL_CONVERSION = YES;
				CLANG_WARN_OBJC_ROOT_CLASS = YES_ERROR;
				CLANG_WARN_QUOTED_INCLUDE_IN_FRAMEWORK_HEADER = YES;
				CLANG_WARN_RANGE_LOOP_ANALYSIS = YES;
				CLANG_WARN_STRICT_PROTOTYPES = YES;
				CLANG_WARN_SUSPICIOUS_MOVE = YES;
				CLANG_WARN_UNGUARDED_AVAILABILITY = YES_AGGRESSIVE;
				CLANG_WARN_UNREACHABLE_CODE = YES;
				CLANG_WARN__DUPLICATE_METHOD_MATCH = YES;
				COPY_PHASE_STRIP = NO;
				DEBUG_INFORMATION_FORMAT = "dwarf-with-dsym";
				ENABLE_NS_ASSERTIONS = NO;
				ENABLE_STRICT_OBJC_MSGSEND = YES;
				ENABLE_USER_SCRIPT_SANDBOXING = YES;
				GCC_C_LANGUAGE_STANDARD = gnu17;
				GCC_NO_COMMON_BLOCKS = YES;
				GCC_WARN_64_TO_32_BIT_CONVERSION = YES;
				GCC_WARN_ABOUT_RETURN_TYPE = YES_ERROR;
				GCC_WARN_UNDECLARED_SELECTOR = YES;
				GCC_WARN_UNINITIALIZED_AUTOS = YES_AGGRESSIVE;
				GCC_WARN_UNUSED_FUNCTION = YES;
				GCC_WARN_UNUSED_VARIABLE = YES;
				IPHONEOS_DEPLOYMENT_TARGET = 17.0;
				LOCALIZATION_PREFERS_STRING_CATALOGS = YES;
				MTL_ENABLE_DEBUG_INFO = NO;
				MTL_FAST_MATH = YES;
				SDKROOT = iphoneos;
				SWIFT_COMPILATION_MODE = wholemodule;
				VALIDATE_PRODUCT = YES;
			};
			name = Release;
		};
		E972594B2D155CA300D498CC /* Debug */ = {
			isa = XCBuildConfiguration;
			baseConfigurationReference = 842DD7C4AE72DB1E7799762C /* Pods-Crypto Analyser Dev.debug.xcconfig */;
			buildSettings = {
				ASSETCATALOG_COMPILER_APPICON_NAME = AppIcon;
				ASSETCATALOG_COMPILER_GLOBAL_ACCENT_COLOR_NAME = AccentColor;
				CODE_SIGN_ENTITLEMENTS = "Crypto Analyser Dev.entitlements";
				CODE_SIGN_IDENTITY = "Apple Development";
				"CODE_SIGN_IDENTITY[sdk=iphoneos*]" = "iPhone Developer";
				CODE_SIGN_STYLE = Manual;
				CURRENT_PROJECT_VERSION = 4;
				DEVELOPMENT_ASSET_PATHS = "\"Crypto Analyser/Preview Content\"";
				DEVELOPMENT_TEAM = "";
				"DEVELOPMENT_TEAM[sdk=iphoneos*]" = 7UUTF6T5P9;
				ENABLE_PREVIEWS = YES;
				ENABLE_USER_SCRIPT_SANDBOXING = NO;
				GENERATE_INFOPLIST_FILE = YES;
				INFOPLIST_FILE = "Crypto-Analyser-Dev-Info.plist";
				INFOPLIST_KEY_CFBundleDisplayName = "Crypto Analyser Dev";
				INFOPLIST_KEY_NSCameraUsageDescription = "This app requires camera access to capture images for analyzing cryptocurrency.";
				INFOPLIST_KEY_UIApplicationSceneManifest_Generation = YES;
				INFOPLIST_KEY_UIApplicationSupportsIndirectInputEvents = YES;
				INFOPLIST_KEY_UILaunchScreen_Generation = YES;
				INFOPLIST_KEY_UILaunchStoryboardName = "Launch Screen";
				INFOPLIST_KEY_UIStatusBarStyle = "";
				INFOPLIST_KEY_UISupportedInterfaceOrientations = UIInterfaceOrientationPortrait;
				INFOPLIST_KEY_UISupportedInterfaceOrientations_iPad = "UIInterfaceOrientationLandscapeLeft UIInterfaceOrientationLandscapeRight UIInterfaceOrientationPortrait UIInterfaceOrientationPortraitUpsideDown";
				INFOPLIST_KEY_UIUserInterfaceStyle = Dark;
				IPHONEOS_DEPLOYMENT_TARGET = 16;
				LD_RUNPATH_SEARCH_PATHS = (
					"$(inherited)",
					"@executable_path/Frameworks",
				);
				MARKETING_VERSION = 1.0.1;
				PRODUCT_BUNDLE_IDENTIFIER = "com.infoenum.Crypto-Analyser";
				PRODUCT_NAME = "$(TARGET_NAME)";
				PROVISIONING_PROFILE_SPECIFIER = "";
				"PROVISIONING_PROFILE_SPECIFIER[sdk=iphoneos*]" = "Crypto Analyser Development";
				SUPPORTED_PLATFORMS = "iphoneos iphonesimulator macosx";
				SUPPORTS_MACCATALYST = NO;
				SUPPORTS_MAC_DESIGNED_FOR_IPHONE_IPAD = NO;
				SWIFT_ACTIVE_COMPILATION_CONDITIONS = Dev;
				SWIFT_EMIT_LOC_STRINGS = YES;
				SWIFT_VERSION = 5.0;
				TARGETED_DEVICE_FAMILY = 1;
			};
			name = Debug;
		};
		E972594C2D155CA300D498CC /* Release */ = {
			isa = XCBuildConfiguration;
			baseConfigurationReference = D2E6F7B7B93CD7F99D800890 /* Pods-Crypto Analyser Dev.release.xcconfig */;
			buildSettings = {
				ASSETCATALOG_COMPILER_APPICON_NAME = AppIcon;
				ASSETCATALOG_COMPILER_GLOBAL_ACCENT_COLOR_NAME = AccentColor;
				CODE_SIGN_ENTITLEMENTS = "Crypto Analyser Dev.entitlements";
				CODE_SIGN_IDENTITY = "Apple Development";
				"CODE_SIGN_IDENTITY[sdk=iphoneos*]" = "iPhone Developer";
				CODE_SIGN_STYLE = Manual;
				CURRENT_PROJECT_VERSION = 4;
				DEVELOPMENT_ASSET_PATHS = "\"Crypto Analyser/Preview Content\"";
				DEVELOPMENT_TEAM = "";
				"DEVELOPMENT_TEAM[sdk=iphoneos*]" = 7UUTF6T5P9;
				ENABLE_PREVIEWS = YES;
				ENABLE_USER_SCRIPT_SANDBOXING = NO;
				GENERATE_INFOPLIST_FILE = YES;
				INFOPLIST_FILE = "Crypto-Analyser-Dev-Info.plist";
				INFOPLIST_KEY_CFBundleDisplayName = "Crypto Analyser Dev";
				INFOPLIST_KEY_NSCameraUsageDescription = "This app requires camera access to capture images for analyzing cryptocurrency.";
				INFOPLIST_KEY_UIApplicationSceneManifest_Generation = YES;
				INFOPLIST_KEY_UIApplicationSupportsIndirectInputEvents = YES;
				INFOPLIST_KEY_UILaunchScreen_Generation = YES;
				INFOPLIST_KEY_UILaunchStoryboardName = "Launch Screen";
				INFOPLIST_KEY_UIStatusBarStyle = "";
				INFOPLIST_KEY_UISupportedInterfaceOrientations = UIInterfaceOrientationPortrait;
				INFOPLIST_KEY_UISupportedInterfaceOrientations_iPad = "UIInterfaceOrientationLandscapeLeft UIInterfaceOrientationLandscapeRight UIInterfaceOrientationPortrait UIInterfaceOrientationPortraitUpsideDown";
				INFOPLIST_KEY_UIUserInterfaceStyle = Dark;
				IPHONEOS_DEPLOYMENT_TARGET = 16;
				LD_RUNPATH_SEARCH_PATHS = (
					"$(inherited)",
					"@executable_path/Frameworks",
				);
				MARKETING_VERSION = 1.0.1;
				PRODUCT_BUNDLE_IDENTIFIER = "com.infoenum.Crypto-Analyser";
				PRODUCT_NAME = "$(TARGET_NAME)";
				PROVISIONING_PROFILE_SPECIFIER = "";
				"PROVISIONING_PROFILE_SPECIFIER[sdk=iphoneos*]" = "Crypto Analyser Development";
				SUPPORTED_PLATFORMS = "iphoneos iphonesimulator macosx";
				SUPPORTS_MACCATALYST = NO;
				SUPPORTS_MAC_DESIGNED_FOR_IPHONE_IPAD = NO;
				SWIFT_ACTIVE_COMPILATION_CONDITIONS = Dev;
				SWIFT_EMIT_LOC_STRINGS = YES;
				SWIFT_VERSION = 5.0;
				TARGETED_DEVICE_FAMILY = 1;
			};
			name = Release;
		};
		E9868E402D168ED6007ACB26 /* Debug */ = {
			isa = XCBuildConfiguration;
			baseConfigurationReference = 69C63983E1100E31866C9738 /* Pods-Crypto Analyser Pro.debug.xcconfig */;
			buildSettings = {
				ASSETCATALOG_COMPILER_APPICON_NAME = AppIcon;
				ASSETCATALOG_COMPILER_GLOBAL_ACCENT_COLOR_NAME = AccentColor;
				CODE_SIGN_STYLE = Automatic;
				CURRENT_PROJECT_VERSION = 3;
				DEVELOPMENT_ASSET_PATHS = "\"Crypto Analyser/Preview Content\"";
				DEVELOPMENT_TEAM = 7UUTF6T5P9;
				ENABLE_PREVIEWS = YES;
				ENABLE_USER_SCRIPT_SANDBOXING = NO;
				GENERATE_INFOPLIST_FILE = YES;
				INFOPLIST_FILE = "Crypto-Analyser-Pro-Info.plist";
				INFOPLIST_KEY_CFBundleDisplayName = "Crypto Analyser Pro";
				INFOPLIST_KEY_NSCameraUsageDescription = "This app requires camera access to capture images for analyzing cryptocurrency.";
				INFOPLIST_KEY_UIApplicationSceneManifest_Generation = YES;
				INFOPLIST_KEY_UIApplicationSupportsIndirectInputEvents = YES;
				INFOPLIST_KEY_UILaunchStoryboardName = "Launch Screen";
				INFOPLIST_KEY_UIStatusBarStyle = "";
				INFOPLIST_KEY_UISupportedInterfaceOrientations_iPad = "UIInterfaceOrientationPortrait UIInterfaceOrientationPortraitUpsideDown UIInterfaceOrientationLandscapeLeft UIInterfaceOrientationLandscapeRight";
				INFOPLIST_KEY_UISupportedInterfaceOrientations_iPhone = "UIInterfaceOrientationPortrait UIInterfaceOrientationLandscapeLeft UIInterfaceOrientationLandscapeRight";
				INFOPLIST_KEY_UIUserInterfaceStyle = Dark;
				LD_RUNPATH_SEARCH_PATHS = (
					"$(inherited)",
					"@executable_path/Frameworks",
				);
				MARKETING_VERSION = 1.0.1;
				PRODUCT_BUNDLE_IDENTIFIER = "com.infoenum.Crypto-Analyser";
				PRODUCT_NAME = "$(TARGET_NAME)";
				SWIFT_ACTIVE_COMPILATION_CONDITIONS = Pro;
				SWIFT_EMIT_LOC_STRINGS = YES;
				SWIFT_VERSION = 5.0;
				TARGETED_DEVICE_FAMILY = "1,2";
			};
			name = Debug;
		};
		E9868E412D168ED6007ACB26 /* Release */ = {
			isa = XCBuildConfiguration;
			baseConfigurationReference = 0D2EFC639EEB1A892AC072E2 /* Pods-Crypto Analyser Pro.release.xcconfig */;
			buildSettings = {
				ASSETCATALOG_COMPILER_APPICON_NAME = AppIcon;
				ASSETCATALOG_COMPILER_GLOBAL_ACCENT_COLOR_NAME = AccentColor;
				"CODE_SIGN_IDENTITY[sdk=iphoneos*]" = "iPhone Distribution";
				CODE_SIGN_STYLE = Manual;
				CURRENT_PROJECT_VERSION = 3;
				DEVELOPMENT_ASSET_PATHS = "\"Crypto Analyser/Preview Content\"";
				DEVELOPMENT_TEAM = "";
				"DEVELOPMENT_TEAM[sdk=iphoneos*]" = 7UUTF6T5P9;
				ENABLE_PREVIEWS = YES;
				ENABLE_USER_SCRIPT_SANDBOXING = NO;
				GENERATE_INFOPLIST_FILE = YES;
				INFOPLIST_FILE = "Crypto-Analyser-Pro-Info.plist";
				INFOPLIST_KEY_CFBundleDisplayName = "Crypto Analyser Pro";
				INFOPLIST_KEY_NSCameraUsageDescription = "This app requires camera access to capture images for analyzing cryptocurrency.";
				INFOPLIST_KEY_UIApplicationSceneManifest_Generation = YES;
				INFOPLIST_KEY_UIApplicationSupportsIndirectInputEvents = YES;
				INFOPLIST_KEY_UILaunchStoryboardName = "Launch Screen";
				INFOPLIST_KEY_UIStatusBarStyle = "";
				INFOPLIST_KEY_UISupportedInterfaceOrientations_iPad = "UIInterfaceOrientationPortrait UIInterfaceOrientationPortraitUpsideDown UIInterfaceOrientationLandscapeLeft UIInterfaceOrientationLandscapeRight";
				INFOPLIST_KEY_UISupportedInterfaceOrientations_iPhone = "UIInterfaceOrientationPortrait UIInterfaceOrientationLandscapeLeft UIInterfaceOrientationLandscapeRight";
				INFOPLIST_KEY_UIUserInterfaceStyle = Dark;
				LD_RUNPATH_SEARCH_PATHS = (
					"$(inherited)",
					"@executable_path/Frameworks",
				);
				MARKETING_VERSION = 1.0.1;
				PRODUCT_BUNDLE_IDENTIFIER = "com.infoenum.Crypto-Analyser";
				PRODUCT_NAME = "$(TARGET_NAME)";
				PROVISIONING_PROFILE_SPECIFIER = "";
				"PROVISIONING_PROFILE_SPECIFIER[sdk=iphoneos*]" = "Crypto Analyser Distribution";
				SWIFT_ACTIVE_COMPILATION_CONDITIONS = Pro;
				SWIFT_EMIT_LOC_STRINGS = YES;
				SWIFT_VERSION = 5.0;
				TARGETED_DEVICE_FAMILY = "1,2";
			};
			name = Release;
		};
/* End XCBuildConfiguration section */

/* Begin XCConfigurationList section */
		E972592C2D155B3D00D498CC /* Build configuration list for PBXProject "Crypto Analyser" */ = {
			isa = XCConfigurationList;
			buildConfigurations = (
				E972593D2D155B3F00D498CC /* Debug */,
				E972593E2D155B3F00D498CC /* Release */,
			);
			defaultConfigurationIsVisible = 0;
			defaultConfigurationName = Release;
		};
		E972594A2D155CA300D498CC /* Build configuration list for PBXNativeTarget "Crypto Analyser Dev" */ = {
			isa = XCConfigurationList;
			buildConfigurations = (
				E972594B2D155CA300D498CC /* Debug */,
				E972594C2D155CA300D498CC /* Release */,
			);
			defaultConfigurationIsVisible = 0;
			defaultConfigurationName = Release;
		};
		E9868E3F2D168ED6007ACB26 /* Build configuration list for PBXNativeTarget "Crypto Analyser Pro" */ = {
			isa = XCConfigurationList;
			buildConfigurations = (
				E9868E402D168ED6007ACB26 /* Debug */,
				E9868E412D168ED6007ACB26 /* Release */,
			);
			defaultConfigurationIsVisible = 0;
			defaultConfigurationName = Release;
		};
/* End XCConfigurationList section */

/* Begin XCRemoteSwiftPackageReference section */
		E9868E652D16F2C7007ACB26 /* XCRemoteSwiftPackageReference "firebase-ios-sdk" */ = {
			isa = XCRemoteSwiftPackageReference;
			repositoryURL = "https://github.com/firebase/firebase-ios-sdk.git";
			requirement = {
				kind = upToNextMajorVersion;
				minimumVersion = 11.6.0;
			};
		};
		E9868E962D16F42B007ACB26 /* XCRemoteSwiftPackageReference "GoogleSignIn-iOS" */ = {
			isa = XCRemoteSwiftPackageReference;
			repositoryURL = "https://github.com/google/GoogleSignIn-iOS";
			requirement = {
				kind = upToNextMajorVersion;
				minimumVersion = 8.0.0;
			};
		};
/* End XCRemoteSwiftPackageReference section */

/* Begin XCSwiftPackageProductDependency section */
		E9868E682D16F2F0007ACB26 /* FirebaseFirestore */ = {
			isa = XCSwiftPackageProductDependency;
			package = E9868E652D16F2C7007ACB26 /* XCRemoteSwiftPackageReference "firebase-ios-sdk" */;
			productName = FirebaseFirestore;
		};
		E9868E742D16F2FD007ACB26 /* FirebaseAuth */ = {
			isa = XCSwiftPackageProductDependency;
			package = E9868E652D16F2C7007ACB26 /* XCRemoteSwiftPackageReference "firebase-ios-sdk" */;
			productName = FirebaseAuth;
		};
		E9868E782D16F2FD007ACB26 /* FirebaseCore */ = {
			isa = XCSwiftPackageProductDependency;
			package = E9868E652D16F2C7007ACB26 /* XCRemoteSwiftPackageReference "firebase-ios-sdk" */;
			productName = FirebaseCore;
		};
		E9868E7C2D16F2FD007ACB26 /* FirebaseDatabase */ = {
			isa = XCSwiftPackageProductDependency;
			package = E9868E652D16F2C7007ACB26 /* XCRemoteSwiftPackageReference "firebase-ios-sdk" */;
			productName = FirebaseDatabase;
		};
		E9868E902D16F2FD007ACB26 /* FirebaseStorage */ = {
			isa = XCSwiftPackageProductDependency;
			package = E9868E652D16F2C7007ACB26 /* XCRemoteSwiftPackageReference "firebase-ios-sdk" */;
			productName = FirebaseStorage;
		};
		E9868E972D16F467007ACB26 /* GoogleSignIn */ = {
			isa = XCSwiftPackageProductDependency;
			package = E9868E962D16F42B007ACB26 /* XCRemoteSwiftPackageReference "GoogleSignIn-iOS" */;
			productName = GoogleSignIn;
		};
		E9868E9B2D16F786007ACB26 /* GoogleSignInSwift */ = {
			isa = XCSwiftPackageProductDependency;
			package = E9868E962D16F42B007ACB26 /* XCRemoteSwiftPackageReference "GoogleSignIn-iOS" */;
			productName = GoogleSignInSwift;
		};
		E9868EAA2D17051B007ACB26 /* FirebaseAuth */ = {
			isa = XCSwiftPackageProductDependency;
			package = E9868E652D16F2C7007ACB26 /* XCRemoteSwiftPackageReference "firebase-ios-sdk" */;
			productName = FirebaseAuth;
		};
		E9868EAE2D17051B007ACB26 /* FirebaseCore */ = {
			isa = XCSwiftPackageProductDependency;
			package = E9868E652D16F2C7007ACB26 /* XCRemoteSwiftPackageReference "firebase-ios-sdk" */;
			productName = FirebaseCore;
		};
		E9868EB22D17051B007ACB26 /* FirebaseDatabase */ = {
			isa = XCSwiftPackageProductDependency;
			package = E9868E652D16F2C7007ACB26 /* XCRemoteSwiftPackageReference "firebase-ios-sdk" */;
			productName = FirebaseDatabase;
		};
		E9868EB62D17051B007ACB26 /* FirebaseFirestore */ = {
			isa = XCSwiftPackageProductDependency;
			package = E9868E652D16F2C7007ACB26 /* XCRemoteSwiftPackageReference "firebase-ios-sdk" */;
			productName = FirebaseFirestore;
		};
		E9868EBA2D17051B007ACB26 /* FirebaseFunctions */ = {
			isa = XCSwiftPackageProductDependency;
			package = E9868E652D16F2C7007ACB26 /* XCRemoteSwiftPackageReference "firebase-ios-sdk" */;
			productName = FirebaseFunctions;
		};
		E9868EC02D17051B007ACB26 /* FirebaseInstallations */ = {
			isa = XCSwiftPackageProductDependency;
			package = E9868E652D16F2C7007ACB26 /* XCRemoteSwiftPackageReference "firebase-ios-sdk" */;
			productName = FirebaseInstallations;
		};
		E9868EC62D17051B007ACB26 /* FirebasePerformance */ = {
			isa = XCSwiftPackageProductDependency;
			package = E9868E652D16F2C7007ACB26 /* XCRemoteSwiftPackageReference "firebase-ios-sdk" */;
			productName = FirebasePerformance;
		};
		E9868EC82D17051B007ACB26 /* FirebaseRemoteConfig */ = {
			isa = XCSwiftPackageProductDependency;
			package = E9868E652D16F2C7007ACB26 /* XCRemoteSwiftPackageReference "firebase-ios-sdk" */;
			productName = FirebaseRemoteConfig;
		};
		E9868ECA2D17051B007ACB26 /* FirebaseStorage */ = {
			isa = XCSwiftPackageProductDependency;
			package = E9868E652D16F2C7007ACB26 /* XCRemoteSwiftPackageReference "firebase-ios-sdk" */;
			productName = FirebaseStorage;
		};
		E9868ED02D17051B007ACB26 /* GoogleSignIn */ = {
			isa = XCSwiftPackageProductDependency;
			package = E9868E962D16F42B007ACB26 /* XCRemoteSwiftPackageReference "GoogleSignIn-iOS" */;
			productName = GoogleSignIn;
		};
		E9868ED22D17051B007ACB26 /* GoogleSignInSwift */ = {
			isa = XCSwiftPackageProductDependency;
			package = E9868E962D16F42B007ACB26 /* XCRemoteSwiftPackageReference "GoogleSignIn-iOS" */;
			productName = GoogleSignInSwift;
		};
/* End XCSwiftPackageProductDependency section */
	};
	rootObject = E97259292D155B3D00D498CC /* Project object */;
}
